// !$*UTF8*$!
{
	archiveVersion = 1;
	classes = {
	};
	objectVersion = 56;
	objects = {

/* Begin PBXBuildFile section */
		DAE0200B2B0408F300459943 /* AppDelegate.swift in Sources */ = {isa = PBXBuildFile; fileRef = DAE0200A2B0408F300459943 /* AppDelegate.swift */; };
		DAE0200D2B0408F300459943 /* SceneDelegate.swift in Sources */ = {isa = PBXBuildFile; fileRef = DAE0200C2B0408F300459943 /* SceneDelegate.swift */; };
		DAE0200F2B0408F300459943 /* ViewController.swift in Sources */ = {isa = PBXBuildFile; fileRef = DAE0200E2B0408F300459943 /* ViewController.swift */; };
		DAE020142B0408F600459943 /* Assets.xcassets in Resources */ = {isa = PBXBuildFile; fileRef = DAE020132B0408F600459943 /* Assets.xcassets */; };
		DAE020172B0408F600459943 /* LaunchScreen.storyboard in Resources */ = {isa = PBXBuildFile; fileRef = DAE020152B0408F600459943 /* LaunchScreen.storyboard */; };
		DAE020202B0412CD00459943 /* MainCoordinator.swift in Sources */ = {isa = PBXBuildFile; fileRef = DAE0201F2B0412CD00459943 /* MainCoordinator.swift */; };
		DAE020222B0412EE00459943 /* CoordinatorProtocols.swift in Sources */ = {isa = PBXBuildFile; fileRef = DAE020212B0412EE00459943 /* CoordinatorProtocols.swift */; };
		DAE020262B04139000459943 /* HomeView.swift in Sources */ = {isa = PBXBuildFile; fileRef = DAE020252B04139000459943 /* HomeView.swift */; };
		DAE020282B0413B400459943 /* HomeViewController.swift in Sources */ = {isa = PBXBuildFile; fileRef = DAE020272B0413B400459943 /* HomeViewController.swift */; };
		DAE0202A2B04140600459943 /* HomePresenter.swift in Sources */ = {isa = PBXBuildFile; fileRef = DAE020292B04140600459943 /* HomePresenter.swift */; };
		DAE0202C2B04143500459943 /* HomeProtocols.swift in Sources */ = {isa = PBXBuildFile; fileRef = DAE0202B2B04143500459943 /* HomeProtocols.swift */; };
/* End PBXBuildFile section */

/* Begin PBXFileReference section */
		DAE020072B0408F300459943 /* MVPCoordinator.app */ = {isa = PBXFileReference; explicitFileType = wrapper.application; includeInIndex = 0; path = MVPCoordinator.app; sourceTree = BUILT_PRODUCTS_DIR; };
		DAE0200A2B0408F300459943 /* AppDelegate.swift */ = {isa = PBXFileReference; lastKnownFileType = sourcecode.swift; path = AppDelegate.swift; sourceTree = "<group>"; };
		DAE0200C2B0408F300459943 /* SceneDelegate.swift */ = {isa = PBXFileReference; lastKnownFileType = sourcecode.swift; path = SceneDelegate.swift; sourceTree = "<group>"; };
		DAE0200E2B0408F300459943 /* ViewController.swift */ = {isa = PBXFileReference; lastKnownFileType = sourcecode.swift; path = ViewController.swift; sourceTree = "<group>"; };
		DAE020132B0408F600459943 /* Assets.xcassets */ = {isa = PBXFileReference; lastKnownFileType = folder.assetcatalog; path = Assets.xcassets; sourceTree = "<group>"; };
		DAE020162B0408F600459943 /* Base */ = {isa = PBXFileReference; lastKnownFileType = file.storyboard; name = Base; path = Base.lproj/LaunchScreen.storyboard; sourceTree = "<group>"; };
		DAE020182B0408F600459943 /* Info.plist */ = {isa = PBXFileReference; lastKnownFileType = text.plist.xml; path = Info.plist; sourceTree = "<group>"; };
		DAE0201F2B0412CD00459943 /* MainCoordinator.swift */ = {isa = PBXFileReference; lastKnownFileType = sourcecode.swift; path = MainCoordinator.swift; sourceTree = "<group>"; };
		DAE020212B0412EE00459943 /* CoordinatorProtocols.swift */ = {isa = PBXFileReference; lastKnownFileType = sourcecode.swift; path = CoordinatorProtocols.swift; sourceTree = "<group>"; };
		DAE020252B04139000459943 /* HomeView.swift */ = {isa = PBXFileReference; lastKnownFileType = sourcecode.swift; path = HomeView.swift; sourceTree = "<group>"; };
		DAE020272B0413B400459943 /* HomeViewController.swift */ = {isa = PBXFileReference; lastKnownFileType = sourcecode.swift; path = HomeViewController.swift; sourceTree = "<group>"; };
		DAE020292B04140600459943 /* HomePresenter.swift */ = {isa = PBXFileReference; lastKnownFileType = sourcecode.swift; path = HomePresenter.swift; sourceTree = "<group>"; };
		DAE0202B2B04143500459943 /* HomeProtocols.swift */ = {isa = PBXFileReference; lastKnownFileType = sourcecode.swift; path = HomeProtocols.swift; sourceTree = "<group>"; };
/* End PBXFileReference section */

/* Begin PBXFrameworksBuildPhase section */
		DAE020042B0408F300459943 /* Frameworks */ = {
			isa = PBXFrameworksBuildPhase;
			buildActionMask = 2147483647;
			files = (
			);
			runOnlyForDeploymentPostprocessing = 0;
		};
/* End PBXFrameworksBuildPhase section */

/* Begin PBXGroup section */
		DAE01FFE2B0408F300459943 = {
			isa = PBXGroup;
			children = (
				DAE020092B0408F300459943 /* MVPCoordinator */,
				DAE020082B0408F300459943 /* Products */,
			);
			sourceTree = "<group>";
		};
		DAE020082B0408F300459943 /* Products */ = {
			isa = PBXGroup;
			children = (
				DAE020072B0408F300459943 /* MVPCoordinator.app */,
			);
			name = Products;
			sourceTree = "<group>";
		};
		DAE020092B0408F300459943 /* MVPCoordinator */ = {
			isa = PBXGroup;
			children = (
				DAE020232B04133E00459943 /* Scenes */,
				DAE0201E2B04129500459943 /* Coordinator */,
				DAE0200A2B0408F300459943 /* AppDelegate.swift */,
				DAE0200C2B0408F300459943 /* SceneDelegate.swift */,
				DAE0200E2B0408F300459943 /* ViewController.swift */,
				DAE020132B0408F600459943 /* Assets.xcassets */,
				DAE020152B0408F600459943 /* LaunchScreen.storyboard */,
				DAE020182B0408F600459943 /* Info.plist */,
			);
			path = MVPCoordinator;
			sourceTree = "<group>";
		};
		DAE0201E2B04129500459943 /* Coordinator */ = {
			isa = PBXGroup;
			children = (
				DAE0201F2B0412CD00459943 /* MainCoordinator.swift */,
				DAE020212B0412EE00459943 /* CoordinatorProtocols.swift */,
			);
			path = Coordinator;
			sourceTree = "<group>";
		};
		DAE020232B04133E00459943 /* Scenes */ = {
			isa = PBXGroup;
			children = (
				DAE020242B04136600459943 /* Views */,
				DAE020272B0413B400459943 /* HomeViewController.swift */,
				DAE020292B04140600459943 /* HomePresenter.swift */,
				DAE0202B2B04143500459943 /* HomeProtocols.swift */,
			);
			path = Scenes;
			sourceTree = "<group>";
		};
		DAE020242B04136600459943 /* Views */ = {
			isa = PBXGroup;
			children = (
				DAE020252B04139000459943 /* HomeView.swift */,
			);
			name = Views;
			path = "../New Group/Views";
			sourceTree = "<group>";
		};
/* End PBXGroup section */

/* Begin PBXNativeTarget section */
		DAE020062B0408F300459943 /* MVPCoordinator */ = {
			isa = PBXNativeTarget;
			buildConfigurationList = DAE0201B2B0408F600459943 /* Build configuration list for PBXNativeTarget "MVPCoordinator" */;
			buildPhases = (
				DAE020032B0408F300459943 /* Sources */,
				DAE020042B0408F300459943 /* Frameworks */,
				DAE020052B0408F300459943 /* Resources */,
			);
			buildRules = (
			);
			dependencies = (
			);
			name = MVPCoordinator;
			productName = MVPCoordinator;
			productReference = DAE020072B0408F300459943 /* MVPCoordinator.app */;
			productType = "com.apple.product-type.application";
		};
/* End PBXNativeTarget section */

/* Begin PBXProject section */
		DAE01FFF2B0408F300459943 /* Project object */ = {
			isa = PBXProject;
			attributes = {
				BuildIndependentTargetsInParallel = 1;
				LastSwiftUpdateCheck = 1420;
				LastUpgradeCheck = 1420;
				TargetAttributes = {
					DAE020062B0408F300459943 = {
						CreatedOnToolsVersion = 14.2;
					};
				};
			};
			buildConfigurationList = DAE020022B0408F300459943 /* Build configuration list for PBXProject "MVPCoordinator" */;
			compatibilityVersion = "Xcode 14.0";
			developmentRegion = en;
			hasScannedForEncodings = 0;
			knownRegions = (
				en,
				Base,
			);
			mainGroup = DAE01FFE2B0408F300459943;
			productRefGroup = DAE020082B0408F300459943 /* Products */;
			projectDirPath = "";
			projectRoot = "";
			targets = (
				DAE020062B0408F300459943 /* MVPCoordinator */,
			);
		};
/* End PBXProject section */

/* Begin PBXResourcesBuildPhase section */
		DAE020052B0408F300459943 /* Resources */ = {
			isa = PBXResourcesBuildPhase;
			buildActionMask = 2147483647;
			files = (
				DAE020172B0408F600459943 /* LaunchScreen.storyboard in Resources */,
				DAE020142B0408F600459943 /* Assets.xcassets in Resources */,
			);
			runOnlyForDeploymentPostprocessing = 0;
		};
/* End PBXResourcesBuildPhase section */

/* Begin PBXSourcesBuildPhase section */
		DAE020032B0408F300459943 /* Sources */ = {
			isa = PBXSourcesBuildPhase;
			buildActionMask = 2147483647;
			files = (
				DAE0200F2B0408F300459943 /* ViewController.swift in Sources */,
				DAE020202B0412CD00459943 /* MainCoordinator.swift in Sources */,
				DAE0200B2B0408F300459943 /* AppDelegate.swift in Sources */,
				DAE020262B04139000459943 /* HomeView.swift in Sources */,
				DAE0202C2B04143500459943 /* HomeProtocols.swift in Sources */,
				DAE0200D2B0408F300459943 /* SceneDelegate.swift in Sources */,
				DAE020282B0413B400459943 /* HomeViewController.swift in Sources */,
				DAE020222B0412EE00459943 /* CoordinatorProtocols.swift in Sources */,
				DAE0202A2B04140600459943 /* HomePresenter.swift in Sources */,
			);
			runOnlyForDeploymentPostprocessing = 0;
		};
/* End PBXSourcesBuildPhase section */

/* Begin PBXVariantGroup section */
		DAE020152B0408F600459943 /* LaunchScreen.storyboard */ = {
			isa = PBXVariantGroup;
			children = (
				DAE020162B0408F600459943 /* Base */,
			);
			name = LaunchScreen.storyboard;
			sourceTree = "<group>";
		};
/* End PBXVariantGroup section */

/* Begin XCBuildConfiguration section */
		DAE020192B0408F600459943 /* Debug */ = {
			isa = XCBuildConfiguration;
			buildSettings = {
				ALWAYS_SEARCH_USER_PATHS = NO;
				CLANG_ANALYZER_NONNULL = YES;
				CLANG_ANALYZER_NUMBER_OBJECT_CONVERSION = YES_AGGRESSIVE;
				CLANG_CXX_LANGUAGE_STANDARD = "gnu++20";
				CLANG_ENABLE_MODULES = YES;
				CLANG_ENABLE_OBJC_ARC = YES;
				CLANG_ENABLE_OBJC_WEAK = YES;
				CLANG_WARN_BLOCK_CAPTURE_AUTORELEASING = YES;
				CLANG_WARN_BOOL_CONVERSION = YES;
				CLANG_WARN_COMMA = YES;
				CLANG_WARN_CONSTANT_CONVERSION = YES;
				CLANG_WARN_DEPRECATED_OBJC_IMPLEMENTATIONS = YES;
				CLANG_WARN_DIRECT_OBJC_ISA_USAGE = YES_ERROR;
				CLANG_WARN_DOCUMENTATION_COMMENTS = YES;
				CLANG_WARN_EMPTY_BODY = YES;
				CLANG_WARN_ENUM_CONVERSION = YES;
				CLANG_WARN_INFINITE_RECURSION = YES;
				CLANG_WARN_INT_CONVERSION = YES;
				CLANG_WARN_NON_LITERAL_NULL_CONVERSION = YES;
				CLANG_WARN_OBJC_IMPLICIT_RETAIN_SELF = YES;
				CLANG_WARN_OBJC_LITERAL_CONVERSION = YES;
				CLANG_WARN_OBJC_ROOT_CLASS = YES_ERROR;
				CLANG_WARN_QUOTED_INCLUDE_IN_FRAMEWORK_HEADER = YES;
				CLANG_WARN_RANGE_LOOP_ANALYSIS = YES;
				CLANG_WARN_STRICT_PROTOTYPES = YES;
				CLANG_WARN_SUSPICIOUS_MOVE = YES;
				CLANG_WARN_UNGUARDED_AVAILABILITY = YES_AGGRESSIVE;
				CLANG_WARN_UNREACHABLE_CODE = YES;
				CLANG_WARN__DUPLICATE_METHOD_MATCH = YES;
				COPY_PHASE_STRIP = NO;
				DEBUG_INFORMATION_FORMAT = dwarf;
				ENABLE_STRICT_OBJC_MSGSEND = YES;
				ENABLE_TESTABILITY = YES;
				GCC_C_LANGUAGE_STANDARD = gnu11;
				GCC_DYNAMIC_NO_PIC = NO;
				GCC_NO_COMMON_BLOCKS = YES;
				GCC_OPTIMIZATION_LEVEL = 0;
				GCC_PREPROCESSOR_DEFINITIONS = (
					"DEBUG=1",
					"$(inherited)",
				);
				GCC_WARN_64_TO_32_BIT_CONVERSION = YES;
				GCC_WARN_ABOUT_RETURN_TYPE = YES_ERROR;
				GCC_WARN_UNDECLARED_SELECTOR = YES;
				GCC_WARN_UNINITIALIZED_AUTOS = YES_AGGRESSIVE;
				GCC_WARN_UNUSED_FUNCTION = YES;
				GCC_WARN_UNUSED_VARIABLE = YES;
				IPHONEOS_DEPLOYMENT_TARGET = 16.2;
				MTL_ENABLE_DEBUG_INFO = INCLUDE_SOURCE;
				MTL_FAST_MATH = YES;
				ONLY_ACTIVE_ARCH = YES;
				SDKROOT = iphoneos;
				SWIFT_ACTIVE_COMPILATION_CONDITIONS = DEBUG;
				SWIFT_OPTIMIZATION_LEVEL = "-Onone";
			};
			name = Debug;
		};
		DAE0201A2B0408F600459943 /* Release */ = {
			isa = XCBuildConfiguration;
			buildSettings = {
				ALWAYS_SEARCH_USER_PATHS = NO;
				CLANG_ANALYZER_NONNULL = YES;
				CLANG_ANALYZER_NUMBER_OBJECT_CONVERSION = YES_AGGRESSIVE;
				CLANG_CXX_LANGUAGE_STANDARD = "gnu++20";
				CLANG_ENABLE_MODULES = YES;
				CLANG_ENABLE_OBJC_ARC = YES;
				CLANG_ENABLE_OBJC_WEAK = YES;
				CLANG_WARN_BLOCK_CAPTURE_AUTORELEASING = YES;
				CLANG_WARN_BOOL_CONVERSION = YES;
				CLANG_WARN_COMMA = YES;
				CLANG_WARN_CONSTANT_CONVERSION = YES;
				CLANG_WARN_DEPRECATED_OBJC_IMPLEMENTATIONS = YES;
				CLANG_WARN_DIRECT_OBJC_ISA_USAGE = YES_ERROR;
				CLANG_WARN_DOCUMENTATION_COMMENTS = YES;
				CLANG_WARN_EMPTY_BODY = YES;
				CLANG_WARN_ENUM_CONVERSION = YES;
				CLANG_WARN_INFINITE_RECURSION = YES;
				CLANG_WARN_INT_CONVERSION = YES;
				CLANG_WARN_NON_LITERAL_NULL_CONVERSION = YES;
				CLANG_WARN_OBJC_IMPLICIT_RETAIN_SELF = YES;
				CLANG_WARN_OBJC_LITERAL_CONVERSION = YES;
				CLANG_WARN_OBJC_ROOT_CLASS = YES_ERROR;
				CLANG_WARN_QUOTED_INCLUDE_IN_FRAMEWORK_HEADER = YES;
				CLANG_WARN_RANGE_LOOP_ANALYSIS = YES;
				CLANG_WARN_STRICT_PROTOTYPES = YES;
				CLANG_WARN_SUSPICIOUS_MOVE = YES;
				CLANG_WARN_UNGUARDED_AVAILABILITY = YES_AGGRESSIVE;
				CLANG_WARN_UNREACHABLE_CODE = YES;
				CLANG_WARN__DUPLICATE_METHOD_MATCH = YES;
				COPY_PHASE_STRIP = NO;
				DEBUG_INFORMATION_FORMAT = "dwarf-with-dsym";
				ENABLE_NS_ASSERTIONS = NO;
				ENABLE_STRICT_OBJC_MSGSEND = YES;
				GCC_C_LANGUAGE_STANDARD = gnu11;
				GCC_NO_COMMON_BLOCKS = YES;
				GCC_WARN_64_TO_32_BIT_CONVERSION = YES;
				GCC_WARN_ABOUT_RETURN_TYPE = YES_ERROR;
				GCC_WARN_UNDECLARED_SELECTOR = YES;
				GCC_WARN_UNINITIALIZED_AUTOS = YES_AGGRESSIVE;
				GCC_WARN_UNUSED_FUNCTION = YES;
				GCC_WARN_UNUSED_VARIABLE = YES;
				IPHONEOS_DEPLOYMENT_TARGET = 16.2;
				MTL_ENABLE_DEBUG_INFO = NO;
				MTL_FAST_MATH = YES;
				SDKROOT = iphoneos;
				SWIFT_COMPILATION_MODE = wholemodule;
				SWIFT_OPTIMIZATION_LEVEL = "-O";
				VALIDATE_PRODUCT = YES;
			};
			name = Release;
		};
		DAE0201C2B0408F600459943 /* Debug */ = {
			isa = XCBuildConfiguration;
			buildSettings = {
				ASSETCATALOG_COMPILER_APPICON_NAME = AppIcon;
				ASSETCATALOG_COMPILER_GLOBAL_ACCENT_COLOR_NAME = AccentColor;
				CODE_SIGN_STYLE = Automatic;
				CURRENT_PROJECT_VERSION = 1;
				GENERATE_INFOPLIST_FILE = YES;
				INFOPLIST_FILE = MVPCoordinator/Info.plist;
				INFOPLIST_KEY_UIApplicationSupportsIndirectInputEvents = YES;
				INFOPLIST_KEY_UILaunchStoryboardName = LaunchScreen;
				INFOPLIST_KEY_UISupportedInterfaceOrientations_iPad = "UIInterfaceOrientationPortrait UIInterfaceOrientationPortraitUpsideDown UIInterfaceOrientationLandscapeLeft UIInterfaceOrientationLandscapeRight";
				INFOPLIST_KEY_UISupportedInterfaceOrientations_iPhone = "UIInterfaceOrientationPortrait UIInterfaceOrientationLandscapeLeft UIInterfaceOrientationLandscapeRight";
				LD_RUNPATH_SEARCH_PATHS = (
					"$(inherited)",
					"@executable_path/Frameworks",
				);
				MARKETING_VERSION = 1.0;
				PRODUCT_BUNDLE_IDENTIFIER = aycc.com.MVPCoordinator;
				PRODUCT_NAME = "$(TARGET_NAME)";
				SWIFT_EMIT_LOC_STRINGS = YES;
				SWIFT_VERSION = 5.0;
				TARGETED_DEVICE_FAMILY = "1,2";
			};
			name = Debug;
		};
		DAE0201D2B0408F600459943 /* Release */ = {
			isa = XCBuildConfiguration;
			buildSettings = {
				ASSETCATALOG_COMPILER_APPICON_NAME = AppIcon;
				ASSETCATALOG_COMPILER_GLOBAL_ACCENT_COLOR_NAME = AccentColor;
				CODE_SIGN_STYLE = Automatic;
				CURRENT_PROJECT_VERSION = 1;
				GENERATE_INFOPLIST_FILE = YES;
				INFOPLIST_FILE = MVPCoordinator/Info.plist;
				INFOPLIST_KEY_UIApplicationSupportsIndirectInputEvents = YES;
				INFOPLIST_KEY_UILaunchStoryboardName = LaunchScreen;
				INFOPLIST_KEY_UISupportedInterfaceOrientations_iPad = "UIInterfaceOrientationPortrait UIInterfaceOrientationPortraitUpsideDown UIInterfaceOrientationLandscapeLeft UIInterfaceOrientationLandscapeRight";
				INFOPLIST_KEY_UISupportedInterfaceOrientations_iPhone = "UIInterfaceOrientationPortrait UIInterfaceOrientationLandscapeLeft UIInterfaceOrientationLandscapeRight";
				LD_RUNPATH_SEARCH_PATHS = (
					"$(inherited)",
					"@executable_path/Frameworks",
				);
				MARKETING_VERSION = 1.0;
				PRODUCT_BUNDLE_IDENTIFIER = aycc.com.MVPCoordinator;
				PRODUCT_NAME = "$(TARGET_NAME)";
				SWIFT_EMIT_LOC_STRINGS = YES;
				SWIFT_VERSION = 5.0;
				TARGETED_DEVICE_FAMILY = "1,2";
			};
			name = Release;
		};
/* End XCBuildConfiguration section */

/* Begin XCConfigurationList section */
		DAE020022B0408F300459943 /* Build configuration list for PBXProject "MVPCoordinator" */ = {
			isa = XCConfigurationList;
			buildConfigurations = (
				DAE020192B0408F600459943 /* Debug */,
				DAE0201A2B0408F600459943 /* Release */,
			);
			defaultConfigurationIsVisible = 0;
			defaultConfigurationName = Release;
		};
		DAE0201B2B0408F600459943 /* Build configuration list for PBXNativeTarget "MVPCoordinator" */ = {
			isa = XCConfigurationList;
			buildConfigurations = (
				DAE0201C2B0408F600459943 /* Debug */,
				DAE0201D2B0408F600459943 /* Release */,
			);
			defaultConfigurationIsVisible = 0;
			defaultConfigurationName = Release;
		};
/* End XCConfigurationList section */
	};
	rootObject = DAE01FFF2B0408F300459943 /* Project object */;
}
