// !$*UTF8*$!
{
	archiveVersion = 1;
	classes = {
	};
	objectVersion = 56;
	objects = {

/* Begin PBXBuildFile section */
		DA3082FB2B20E7F700F5A4F6 /* SnapKit in Frameworks */ = {isa = PBXBuildFile; productRef = DA3082FA2B20E7F700F5A4F6 /* SnapKit */; };
		DA3082FD2B20E87C00F5A4F6 /* HomeHeaderView.swift in Sources */ = {isa = PBXBuildFile; fileRef = DA3082FC2B20E87C00F5A4F6 /* HomeHeaderView.swift */; };
		DA3082FF2B20F28F00F5A4F6 /* HomeLoadingView.swift in Sources */ = {isa = PBXBuildFile; fileRef = DA3082FE2B20F28F00F5A4F6 /* HomeLoadingView.swift */; };
		DA3083012B20F57000F5A4F6 /* HomeErrorView.swift in Sources */ = {isa = PBXBuildFile; fileRef = DA3083002B20F57000F5A4F6 /* HomeErrorView.swift */; };
		DA3083032B20F5D600F5A4F6 /* HomeReadyView.swift in Sources */ = {isa = PBXBuildFile; fileRef = DA3083022B20F5D600F5A4F6 /* HomeReadyView.swift */; };
		DA3083052B20FF7A00F5A4F6 /* HomeReadyViewModel+Stub.swift in Sources */ = {isa = PBXBuildFile; fileRef = DA3083042B20FF7A00F5A4F6 /* HomeReadyViewModel+Stub.swift */; };
		DA3083082B21009700F5A4F6 /* HomeHeaderViewTests.swift in Sources */ = {isa = PBXBuildFile; fileRef = DA3083072B21009700F5A4F6 /* HomeHeaderViewTests.swift */; };
		DA30830A2B22697E00F5A4F6 /* HomeLoadingViewTests.swift in Sources */ = {isa = PBXBuildFile; fileRef = DA3083092B22697E00F5A4F6 /* HomeLoadingViewTests.swift */; };
		DA30830C2B226A8500F5A4F6 /* HomeErrorViewTests.swift in Sources */ = {isa = PBXBuildFile; fileRef = DA30830B2B226A8500F5A4F6 /* HomeErrorViewTests.swift */; };
		DA30830E2B226B4200F5A4F6 /* HomeReadyViewTests.swift in Sources */ = {isa = PBXBuildFile; fileRef = DA30830D2B226B4200F5A4F6 /* HomeReadyViewTests.swift */; };
		DA457FD72B1F69C1002D7982 /* JokeRepositoryType.swift in Sources */ = {isa = PBXBuildFile; fileRef = DA457FD62B1F69C1002D7982 /* JokeRepositoryType.swift */; };
		DA457FD92B1F6B16002D7982 /* JokeRepository.swift in Sources */ = {isa = PBXBuildFile; fileRef = DA457FD82B1F6B16002D7982 /* JokeRepository.swift */; };
		DA457FDF2B1F790B002D7982 /* NetworkProtocolMock.swift in Sources */ = {isa = PBXBuildFile; fileRef = DA457FDE2B1F790B002D7982 /* NetworkProtocolMock.swift */; };
		DA457FE12B1FA28E002D7982 /* JokeRepositoryTests.swift in Sources */ = {isa = PBXBuildFile; fileRef = DA457FE02B1FA28E002D7982 /* JokeRepositoryTests.swift */; };
		DA457FE42B1FACBF002D7982 /* JokesResponse+Stub.swift in Sources */ = {isa = PBXBuildFile; fileRef = DA457FE32B1FACBF002D7982 /* JokesResponse+Stub.swift */; };
		DA457FE72B1FB1FC002D7982 /* GetJokesServiceTests.swift in Sources */ = {isa = PBXBuildFile; fileRef = DA457FE62B1FB1FC002D7982 /* GetJokesServiceTests.swift */; };
		DA457FE92B1FB984002D7982 /* JokeRepositoryMock.swift in Sources */ = {isa = PBXBuildFile; fileRef = DA457FE82B1FB984002D7982 /* JokeRepositoryMock.swift */; };
		DA457FED2B1FC055002D7982 /* ApiError.swift in Sources */ = {isa = PBXBuildFile; fileRef = DA457FEC2B1FC055002D7982 /* ApiError.swift */; };
		DA457FEF2B1FC5CF002D7982 /* HomeViewState.swift in Sources */ = {isa = PBXBuildFile; fileRef = DA457FEE2B1FC5CF002D7982 /* HomeViewState.swift */; };
		DA457FF22B1FC67D002D7982 /* HomeReadyViewModel.swift in Sources */ = {isa = PBXBuildFile; fileRef = DA457FF12B1FC67D002D7982 /* HomeReadyViewModel.swift */; };
		DA47A4DB2B28AC940050013F /* ListPresenter.swift in Sources */ = {isa = PBXBuildFile; fileRef = DA47A4DA2B28AC940050013F /* ListPresenter.swift */; };
		DA47A4DD2B28ACA50050013F /* ListViewController.swift in Sources */ = {isa = PBXBuildFile; fileRef = DA47A4DC2B28ACA50050013F /* ListViewController.swift */; };
		DA47A4DF2B28ACB40050013F /* ListProtocols.swift in Sources */ = {isa = PBXBuildFile; fileRef = DA47A4DE2B28ACB40050013F /* ListProtocols.swift */; };
		DA47A4E22B28ACD10050013F /* ListView.swift in Sources */ = {isa = PBXBuildFile; fileRef = DA47A4E12B28ACD10050013F /* ListView.swift */; };
		DA47A4E52B28B3E70050013F /* ListDataSourceDelegate.swift in Sources */ = {isa = PBXBuildFile; fileRef = DA47A4E42B28B3E70050013F /* ListDataSourceDelegate.swift */; };
		DA47A4E72B28D3B40050013F /* ListCell.swift in Sources */ = {isa = PBXBuildFile; fileRef = DA47A4E62B28D3B40050013F /* ListCell.swift */; };
		DA47A4E92B28D4F00050013F /* ListCellView.swift in Sources */ = {isa = PBXBuildFile; fileRef = DA47A4E82B28D4F00050013F /* ListCellView.swift */; };
		DA47A4EB2B28D9690050013F /* UITableView+Ext.swift in Sources */ = {isa = PBXBuildFile; fileRef = DA47A4EA2B28D9690050013F /* UITableView+Ext.swift */; };
		DA47A4ED2B28DA5A0050013F /* ReusableViewProtocol.swift in Sources */ = {isa = PBXBuildFile; fileRef = DA47A4EC2B28DA5A0050013F /* ReusableViewProtocol.swift */; };
		DA47A4F22B28EDDA0050013F /* ListViewSpy.swift in Sources */ = {isa = PBXBuildFile; fileRef = DA47A4F12B28EDDA0050013F /* ListViewSpy.swift */; };
		DA47A4F42B28EDF00050013F /* ListPresenterSpy.swift in Sources */ = {isa = PBXBuildFile; fileRef = DA47A4F32B28EDF00050013F /* ListPresenterSpy.swift */; };
		DA47A4F62B28EE050050013F /* ListViewControllerSpy.swift in Sources */ = {isa = PBXBuildFile; fileRef = DA47A4F52B28EE050050013F /* ListViewControllerSpy.swift */; };
		DA47A4F82B28EE1B0050013F /* ListViewControllerDelegateSpy.swift in Sources */ = {isa = PBXBuildFile; fileRef = DA47A4F72B28EE1B0050013F /* ListViewControllerDelegateSpy.swift */; };
		DA47A4FA2B28F1230050013F /* ListPresenterTests.swift in Sources */ = {isa = PBXBuildFile; fileRef = DA47A4F92B28F1230050013F /* ListPresenterTests.swift */; };
		DA47A4FC2B28F1EC0050013F /* ListViewControllerTests.swift in Sources */ = {isa = PBXBuildFile; fileRef = DA47A4FB2B28F1EC0050013F /* ListViewControllerTests.swift */; };
		DA47A4FE2B28F2C20050013F /* ListViewTests.swift in Sources */ = {isa = PBXBuildFile; fileRef = DA47A4FD2B28F2C20050013F /* ListViewTests.swift */; };
		DA47A5002B28F6A60050013F /* ListCellViewTests.swift in Sources */ = {isa = PBXBuildFile; fileRef = DA47A4FF2B28F6A60050013F /* ListCellViewTests.swift */; };
		DA47A5022B29D0130050013F /* ListCellTests.swift in Sources */ = {isa = PBXBuildFile; fileRef = DA47A5012B29D0130050013F /* ListCellTests.swift */; };
		DA47A5052B29D0D10050013F /* ListDataSourceDelegateTests.swift in Sources */ = {isa = PBXBuildFile; fileRef = DA47A5042B29D0D10050013F /* ListDataSourceDelegateTests.swift */; };
		DA4CBB422B1BA15000734FE2 /* CoordinatorFactory.swift in Sources */ = {isa = PBXBuildFile; fileRef = DA4CBB412B1BA15000734FE2 /* CoordinatorFactory.swift */; };
		DA4CBB482B1BA36200734FE2 /* SettingsProtocols.swift in Sources */ = {isa = PBXBuildFile; fileRef = DA4CBB472B1BA36200734FE2 /* SettingsProtocols.swift */; };
		DA4CBB4A2B1BA37200734FE2 /* SettingsViewController.swift in Sources */ = {isa = PBXBuildFile; fileRef = DA4CBB492B1BA37200734FE2 /* SettingsViewController.swift */; };
		DA4CBB4C2B1BA38100734FE2 /* SettingsPresenter.swift in Sources */ = {isa = PBXBuildFile; fileRef = DA4CBB4B2B1BA38100734FE2 /* SettingsPresenter.swift */; };
		DA4CBB4F2B1BA3AE00734FE2 /* SettingsView.swift in Sources */ = {isa = PBXBuildFile; fileRef = DA4CBB4E2B1BA3AE00734FE2 /* SettingsView.swift */; };
		DA4CBB532B1BE95200734FE2 /* SettingsViewControllerSpy.swift in Sources */ = {isa = PBXBuildFile; fileRef = DA4CBB522B1BE95200734FE2 /* SettingsViewControllerSpy.swift */; };
		DA4CBB552B1BE97000734FE2 /* SettingsPresenterSpy.swift in Sources */ = {isa = PBXBuildFile; fileRef = DA4CBB542B1BE97000734FE2 /* SettingsPresenterSpy.swift */; };
		DA4CBB572B1BE98900734FE2 /* SettingsViewSpy.swift in Sources */ = {isa = PBXBuildFile; fileRef = DA4CBB562B1BE98900734FE2 /* SettingsViewSpy.swift */; };
		DA4CBB592B1BE9A700734FE2 /* SettingsViewControllerDelegateSpy.swift in Sources */ = {isa = PBXBuildFile; fileRef = DA4CBB582B1BE9A700734FE2 /* SettingsViewControllerDelegateSpy.swift */; };
		DA4CBB5C2B1BEAF300734FE2 /* SettingsViewTests.swift in Sources */ = {isa = PBXBuildFile; fileRef = DA4CBB5B2B1BEAF300734FE2 /* SettingsViewTests.swift */; };
		DA7EE6CD2B1BEF85007A1121 /* Mirror+Ext.swift in Sources */ = {isa = PBXBuildFile; fileRef = DA7EE6CC2B1BEF85007A1121 /* Mirror+Ext.swift */; };
		DA7EE6CF2B1BF53E007A1121 /* SettingsPresenterTests.swift in Sources */ = {isa = PBXBuildFile; fileRef = DA7EE6CE2B1BF53E007A1121 /* SettingsPresenterTests.swift */; };
		DA7EE6D12B1BF5A1007A1121 /* SettingsViewControllerTests.swift in Sources */ = {isa = PBXBuildFile; fileRef = DA7EE6D02B1BF5A1007A1121 /* SettingsViewControllerTests.swift */; };
		DA7EE6D42B1BF6E6007A1121 /* UIViewController+Ext.swift in Sources */ = {isa = PBXBuildFile; fileRef = DA7EE6D32B1BF6E6007A1121 /* UIViewController+Ext.swift */; };
		DA7EE6D72B1E6903007A1121 /* NetworkProtocols.swift in Sources */ = {isa = PBXBuildFile; fileRef = DA7EE6D62B1E6903007A1121 /* NetworkProtocols.swift */; };
		DA7EE6D92B1E6A7C007A1121 /* HttpMethod.swift in Sources */ = {isa = PBXBuildFile; fileRef = DA7EE6D82B1E6A7C007A1121 /* HttpMethod.swift */; };
		DA7EE6DB2B1E6BCD007A1121 /* NetworkManager.swift in Sources */ = {isa = PBXBuildFile; fileRef = DA7EE6DA2B1E6BCD007A1121 /* NetworkManager.swift */; };
		DA7EE6DD2B1F625A007A1121 /* JokesResponse.swift in Sources */ = {isa = PBXBuildFile; fileRef = DA7EE6DC2B1F625A007A1121 /* JokesResponse.swift */; };
		DA7EE6E32B1F63FC007A1121 /* GetJokesService.swift in Sources */ = {isa = PBXBuildFile; fileRef = DA7EE6E22B1F63FB007A1121 /* GetJokesService.swift */; };
		DA7EE6E52B1F6543007A1121 /* Constants.swift in Sources */ = {isa = PBXBuildFile; fileRef = DA7EE6E42B1F6543007A1121 /* Constants.swift */; };
		DAE0200B2B0408F300459943 /* AppDelegate.swift in Sources */ = {isa = PBXBuildFile; fileRef = DAE0200A2B0408F300459943 /* AppDelegate.swift */; };
		DAE0200D2B0408F300459943 /* SceneDelegate.swift in Sources */ = {isa = PBXBuildFile; fileRef = DAE0200C2B0408F300459943 /* SceneDelegate.swift */; };
		DAE0200F2B0408F300459943 /* ViewController.swift in Sources */ = {isa = PBXBuildFile; fileRef = DAE0200E2B0408F300459943 /* ViewController.swift */; };
		DAE020142B0408F600459943 /* Assets.xcassets in Resources */ = {isa = PBXBuildFile; fileRef = DAE020132B0408F600459943 /* Assets.xcassets */; };
		DAE020172B0408F600459943 /* LaunchScreen.storyboard in Resources */ = {isa = PBXBuildFile; fileRef = DAE020152B0408F600459943 /* LaunchScreen.storyboard */; };
		DAE020202B0412CD00459943 /* MainCoordinator.swift in Sources */ = {isa = PBXBuildFile; fileRef = DAE0201F2B0412CD00459943 /* MainCoordinator.swift */; };
		DAE020222B0412EE00459943 /* CoordinatorProtocols.swift in Sources */ = {isa = PBXBuildFile; fileRef = DAE020212B0412EE00459943 /* CoordinatorProtocols.swift */; };
		DAE020262B04139000459943 /* HomeView.swift in Sources */ = {isa = PBXBuildFile; fileRef = DAE020252B04139000459943 /* HomeView.swift */; };
		DAE020282B0413B400459943 /* HomeViewController.swift in Sources */ = {isa = PBXBuildFile; fileRef = DAE020272B0413B400459943 /* HomeViewController.swift */; };
		DAE0202A2B04140600459943 /* HomePresenter.swift in Sources */ = {isa = PBXBuildFile; fileRef = DAE020292B04140600459943 /* HomePresenter.swift */; };
		DAE0202C2B04143500459943 /* HomeProtocols.swift in Sources */ = {isa = PBXBuildFile; fileRef = DAE0202B2B04143500459943 /* HomeProtocols.swift */; };
		DAE020842B042E8000459943 /* Quick in Frameworks */ = {isa = PBXBuildFile; productRef = DAE020832B042E8000459943 /* Quick */; };
		DAE020872B042EA100459943 /* Nimble in Frameworks */ = {isa = PBXBuildFile; productRef = DAE020862B042EA100459943 /* Nimble */; };
		DAE0208C2B042FBA00459943 /* UINavigationControllerMock.swift in Sources */ = {isa = PBXBuildFile; fileRef = DAE0208B2B042FBA00459943 /* UINavigationControllerMock.swift */; };
		DAE0208E2B042FF900459943 /* ViewControllerMock.swift in Sources */ = {isa = PBXBuildFile; fileRef = DAE0208D2B042FF900459943 /* ViewControllerMock.swift */; };
		DAE020902B04302500459943 /* MainCoordinatorTests.swift in Sources */ = {isa = PBXBuildFile; fileRef = DAE0208F2B04302500459943 /* MainCoordinatorTests.swift */; };
		DAE020922B04318500459943 /* HomeViewControllerSpy.swift in Sources */ = {isa = PBXBuildFile; fileRef = DAE020912B04318500459943 /* HomeViewControllerSpy.swift */; };
		DAE020942B0431F500459943 /* HomePresenterTests.swift in Sources */ = {isa = PBXBuildFile; fileRef = DAE020932B0431F500459943 /* HomePresenterTests.swift */; };
		DAE020962B0432C000459943 /* HomeViewControllerTests.swift in Sources */ = {isa = PBXBuildFile; fileRef = DAE020952B0432C000459943 /* HomeViewControllerTests.swift */; };
		DAE020982B04335F00459943 /* HomeViewSpy.swift in Sources */ = {isa = PBXBuildFile; fileRef = DAE020972B04335F00459943 /* HomeViewSpy.swift */; };
		DAE0209A2B0433E500459943 /* HomePresenterSpy.swift in Sources */ = {isa = PBXBuildFile; fileRef = DAE020992B0433E500459943 /* HomePresenterSpy.swift */; };
		DAE0209C2B04348C00459943 /* HomeViewControllerDelegateSpy.swift in Sources */ = {isa = PBXBuildFile; fileRef = DAE0209B2B04348C00459943 /* HomeViewControllerDelegateSpy.swift */; };
		DAE020A02B04366100459943 /* HomeViewTests.swift in Sources */ = {isa = PBXBuildFile; fileRef = DAE0209F2B04366100459943 /* HomeViewTests.swift */; };
		DAE020A32B0436DD00459943 /* Nimble-Snapshots in Frameworks */ = {isa = PBXBuildFile; productRef = DAE020A22B0436DD00459943 /* Nimble-Snapshots */; };
/* End PBXBuildFile section */

/* Begin PBXContainerItemProxy section */
		DAE020352B0415BA00459943 /* PBXContainerItemProxy */ = {
			isa = PBXContainerItemProxy;
			containerPortal = DAE01FFF2B0408F300459943 /* Project object */;
			proxyType = 1;
			remoteGlobalIDString = DAE020062B0408F300459943;
			remoteInfo = MVPCoordinator;
		};
/* End PBXContainerItemProxy section */

/* Begin PBXFileReference section */
		DA3082FC2B20E87C00F5A4F6 /* HomeHeaderView.swift */ = {isa = PBXFileReference; lastKnownFileType = sourcecode.swift; path = HomeHeaderView.swift; sourceTree = "<group>"; };
		DA3082FE2B20F28F00F5A4F6 /* HomeLoadingView.swift */ = {isa = PBXFileReference; lastKnownFileType = sourcecode.swift; path = HomeLoadingView.swift; sourceTree = "<group>"; };
		DA3083002B20F57000F5A4F6 /* HomeErrorView.swift */ = {isa = PBXFileReference; lastKnownFileType = sourcecode.swift; path = HomeErrorView.swift; sourceTree = "<group>"; };
		DA3083022B20F5D600F5A4F6 /* HomeReadyView.swift */ = {isa = PBXFileReference; lastKnownFileType = sourcecode.swift; path = HomeReadyView.swift; sourceTree = "<group>"; };
		DA3083042B20FF7A00F5A4F6 /* HomeReadyViewModel+Stub.swift */ = {isa = PBXFileReference; lastKnownFileType = sourcecode.swift; path = "HomeReadyViewModel+Stub.swift"; sourceTree = "<group>"; };
		DA3083072B21009700F5A4F6 /* HomeHeaderViewTests.swift */ = {isa = PBXFileReference; lastKnownFileType = sourcecode.swift; path = HomeHeaderViewTests.swift; sourceTree = "<group>"; };
		DA3083092B22697E00F5A4F6 /* HomeLoadingViewTests.swift */ = {isa = PBXFileReference; lastKnownFileType = sourcecode.swift; path = HomeLoadingViewTests.swift; sourceTree = "<group>"; };
		DA30830B2B226A8500F5A4F6 /* HomeErrorViewTests.swift */ = {isa = PBXFileReference; lastKnownFileType = sourcecode.swift; path = HomeErrorViewTests.swift; sourceTree = "<group>"; };
		DA30830D2B226B4200F5A4F6 /* HomeReadyViewTests.swift */ = {isa = PBXFileReference; lastKnownFileType = sourcecode.swift; path = HomeReadyViewTests.swift; sourceTree = "<group>"; };
		DA457FD62B1F69C1002D7982 /* JokeRepositoryType.swift */ = {isa = PBXFileReference; lastKnownFileType = sourcecode.swift; path = JokeRepositoryType.swift; sourceTree = "<group>"; };
		DA457FD82B1F6B16002D7982 /* JokeRepository.swift */ = {isa = PBXFileReference; lastKnownFileType = sourcecode.swift; path = JokeRepository.swift; sourceTree = "<group>"; };
		DA457FDE2B1F790B002D7982 /* NetworkProtocolMock.swift */ = {isa = PBXFileReference; lastKnownFileType = sourcecode.swift; path = NetworkProtocolMock.swift; sourceTree = "<group>"; };
		DA457FE02B1FA28E002D7982 /* JokeRepositoryTests.swift */ = {isa = PBXFileReference; lastKnownFileType = sourcecode.swift; path = JokeRepositoryTests.swift; sourceTree = "<group>"; };
		DA457FE32B1FACBF002D7982 /* JokesResponse+Stub.swift */ = {isa = PBXFileReference; lastKnownFileType = sourcecode.swift; path = "JokesResponse+Stub.swift"; sourceTree = "<group>"; };
		DA457FE62B1FB1FC002D7982 /* GetJokesServiceTests.swift */ = {isa = PBXFileReference; lastKnownFileType = sourcecode.swift; path = GetJokesServiceTests.swift; sourceTree = "<group>"; };
		DA457FE82B1FB984002D7982 /* JokeRepositoryMock.swift */ = {isa = PBXFileReference; lastKnownFileType = sourcecode.swift; path = JokeRepositoryMock.swift; sourceTree = "<group>"; };
		DA457FEC2B1FC055002D7982 /* ApiError.swift */ = {isa = PBXFileReference; lastKnownFileType = sourcecode.swift; path = ApiError.swift; sourceTree = "<group>"; };
		DA457FEE2B1FC5CF002D7982 /* HomeViewState.swift */ = {isa = PBXFileReference; lastKnownFileType = sourcecode.swift; path = HomeViewState.swift; sourceTree = "<group>"; };
		DA457FF12B1FC67D002D7982 /* HomeReadyViewModel.swift */ = {isa = PBXFileReference; lastKnownFileType = sourcecode.swift; path = HomeReadyViewModel.swift; sourceTree = "<group>"; };
		DA47A4DA2B28AC940050013F /* ListPresenter.swift */ = {isa = PBXFileReference; lastKnownFileType = sourcecode.swift; path = ListPresenter.swift; sourceTree = "<group>"; };
		DA47A4DC2B28ACA50050013F /* ListViewController.swift */ = {isa = PBXFileReference; lastKnownFileType = sourcecode.swift; path = ListViewController.swift; sourceTree = "<group>"; };
		DA47A4DE2B28ACB40050013F /* ListProtocols.swift */ = {isa = PBXFileReference; lastKnownFileType = sourcecode.swift; path = ListProtocols.swift; sourceTree = "<group>"; };
		DA47A4E12B28ACD10050013F /* ListView.swift */ = {isa = PBXFileReference; lastKnownFileType = sourcecode.swift; path = ListView.swift; sourceTree = "<group>"; };
		DA47A4E42B28B3E70050013F /* ListDataSourceDelegate.swift */ = {isa = PBXFileReference; lastKnownFileType = sourcecode.swift; path = ListDataSourceDelegate.swift; sourceTree = "<group>"; };
		DA47A4E62B28D3B40050013F /* ListCell.swift */ = {isa = PBXFileReference; lastKnownFileType = sourcecode.swift; path = ListCell.swift; sourceTree = "<group>"; };
		DA47A4E82B28D4F00050013F /* ListCellView.swift */ = {isa = PBXFileReference; lastKnownFileType = sourcecode.swift; path = ListCellView.swift; sourceTree = "<group>"; };
		DA47A4EA2B28D9690050013F /* UITableView+Ext.swift */ = {isa = PBXFileReference; lastKnownFileType = sourcecode.swift; path = "UITableView+Ext.swift"; sourceTree = "<group>"; };
		DA47A4EC2B28DA5A0050013F /* ReusableViewProtocol.swift */ = {isa = PBXFileReference; lastKnownFileType = sourcecode.swift; path = ReusableViewProtocol.swift; sourceTree = "<group>"; };
		DA47A4F12B28EDDA0050013F /* ListViewSpy.swift */ = {isa = PBXFileReference; lastKnownFileType = sourcecode.swift; path = ListViewSpy.swift; sourceTree = "<group>"; };
		DA47A4F32B28EDF00050013F /* ListPresenterSpy.swift */ = {isa = PBXFileReference; lastKnownFileType = sourcecode.swift; path = ListPresenterSpy.swift; sourceTree = "<group>"; };
		DA47A4F52B28EE050050013F /* ListViewControllerSpy.swift */ = {isa = PBXFileReference; lastKnownFileType = sourcecode.swift; path = ListViewControllerSpy.swift; sourceTree = "<group>"; };
		DA47A4F72B28EE1B0050013F /* ListViewControllerDelegateSpy.swift */ = {isa = PBXFileReference; lastKnownFileType = sourcecode.swift; path = ListViewControllerDelegateSpy.swift; sourceTree = "<group>"; };
		DA47A4F92B28F1230050013F /* ListPresenterTests.swift */ = {isa = PBXFileReference; lastKnownFileType = sourcecode.swift; path = ListPresenterTests.swift; sourceTree = "<group>"; };
		DA47A4FB2B28F1EC0050013F /* ListViewControllerTests.swift */ = {isa = PBXFileReference; lastKnownFileType = sourcecode.swift; path = ListViewControllerTests.swift; sourceTree = "<group>"; };
		DA47A4FD2B28F2C20050013F /* ListViewTests.swift */ = {isa = PBXFileReference; lastKnownFileType = sourcecode.swift; path = ListViewTests.swift; sourceTree = "<group>"; };
		DA47A4FF2B28F6A60050013F /* ListCellViewTests.swift */ = {isa = PBXFileReference; lastKnownFileType = sourcecode.swift; path = ListCellViewTests.swift; sourceTree = "<group>"; };
		DA47A5012B29D0130050013F /* ListCellTests.swift */ = {isa = PBXFileReference; lastKnownFileType = sourcecode.swift; path = ListCellTests.swift; sourceTree = "<group>"; };
		DA47A5042B29D0D10050013F /* ListDataSourceDelegateTests.swift */ = {isa = PBXFileReference; lastKnownFileType = sourcecode.swift; path = ListDataSourceDelegateTests.swift; sourceTree = "<group>"; };
		DA4CBB412B1BA15000734FE2 /* CoordinatorFactory.swift */ = {isa = PBXFileReference; lastKnownFileType = sourcecode.swift; path = CoordinatorFactory.swift; sourceTree = "<group>"; };
		DA4CBB472B1BA36200734FE2 /* SettingsProtocols.swift */ = {isa = PBXFileReference; lastKnownFileType = sourcecode.swift; path = SettingsProtocols.swift; sourceTree = "<group>"; };
		DA4CBB492B1BA37200734FE2 /* SettingsViewController.swift */ = {isa = PBXFileReference; lastKnownFileType = sourcecode.swift; path = SettingsViewController.swift; sourceTree = "<group>"; };
		DA4CBB4B2B1BA38100734FE2 /* SettingsPresenter.swift */ = {isa = PBXFileReference; lastKnownFileType = sourcecode.swift; path = SettingsPresenter.swift; sourceTree = "<group>"; };
		DA4CBB4E2B1BA3AE00734FE2 /* SettingsView.swift */ = {isa = PBXFileReference; lastKnownFileType = sourcecode.swift; path = SettingsView.swift; sourceTree = "<group>"; };
		DA4CBB522B1BE95200734FE2 /* SettingsViewControllerSpy.swift */ = {isa = PBXFileReference; lastKnownFileType = sourcecode.swift; path = SettingsViewControllerSpy.swift; sourceTree = "<group>"; };
		DA4CBB542B1BE97000734FE2 /* SettingsPresenterSpy.swift */ = {isa = PBXFileReference; lastKnownFileType = sourcecode.swift; path = SettingsPresenterSpy.swift; sourceTree = "<group>"; };
		DA4CBB562B1BE98900734FE2 /* SettingsViewSpy.swift */ = {isa = PBXFileReference; lastKnownFileType = sourcecode.swift; path = SettingsViewSpy.swift; sourceTree = "<group>"; };
		DA4CBB582B1BE9A700734FE2 /* SettingsViewControllerDelegateSpy.swift */ = {isa = PBXFileReference; lastKnownFileType = sourcecode.swift; path = SettingsViewControllerDelegateSpy.swift; sourceTree = "<group>"; };
		DA4CBB5B2B1BEAF300734FE2 /* SettingsViewTests.swift */ = {isa = PBXFileReference; lastKnownFileType = sourcecode.swift; path = SettingsViewTests.swift; sourceTree = "<group>"; };
		DA7EE6CC2B1BEF85007A1121 /* Mirror+Ext.swift */ = {isa = PBXFileReference; lastKnownFileType = sourcecode.swift; path = "Mirror+Ext.swift"; sourceTree = "<group>"; };
		DA7EE6CE2B1BF53E007A1121 /* SettingsPresenterTests.swift */ = {isa = PBXFileReference; lastKnownFileType = sourcecode.swift; path = SettingsPresenterTests.swift; sourceTree = "<group>"; };
		DA7EE6D02B1BF5A1007A1121 /* SettingsViewControllerTests.swift */ = {isa = PBXFileReference; lastKnownFileType = sourcecode.swift; path = SettingsViewControllerTests.swift; sourceTree = "<group>"; };
		DA7EE6D32B1BF6E6007A1121 /* UIViewController+Ext.swift */ = {isa = PBXFileReference; lastKnownFileType = sourcecode.swift; path = "UIViewController+Ext.swift"; sourceTree = "<group>"; };
		DA7EE6D62B1E6903007A1121 /* NetworkProtocols.swift */ = {isa = PBXFileReference; lastKnownFileType = sourcecode.swift; path = NetworkProtocols.swift; sourceTree = "<group>"; };
		DA7EE6D82B1E6A7C007A1121 /* HttpMethod.swift */ = {isa = PBXFileReference; lastKnownFileType = sourcecode.swift; path = HttpMethod.swift; sourceTree = "<group>"; };
		DA7EE6DA2B1E6BCD007A1121 /* NetworkManager.swift */ = {isa = PBXFileReference; lastKnownFileType = sourcecode.swift; path = NetworkManager.swift; sourceTree = "<group>"; };
		DA7EE6DC2B1F625A007A1121 /* JokesResponse.swift */ = {isa = PBXFileReference; lastKnownFileType = sourcecode.swift; path = JokesResponse.swift; sourceTree = "<group>"; };
		DA7EE6E22B1F63FB007A1121 /* GetJokesService.swift */ = {isa = PBXFileReference; lastKnownFileType = sourcecode.swift; path = GetJokesService.swift; sourceTree = "<group>"; };
		DA7EE6E42B1F6543007A1121 /* Constants.swift */ = {isa = PBXFileReference; lastKnownFileType = sourcecode.swift; path = Constants.swift; sourceTree = "<group>"; };
		DAE020072B0408F300459943 /* MVPCoordinator.app */ = {isa = PBXFileReference; explicitFileType = wrapper.application; includeInIndex = 0; path = MVPCoordinator.app; sourceTree = BUILT_PRODUCTS_DIR; };
		DAE0200A2B0408F300459943 /* AppDelegate.swift */ = {isa = PBXFileReference; lastKnownFileType = sourcecode.swift; path = AppDelegate.swift; sourceTree = "<group>"; };
		DAE0200C2B0408F300459943 /* SceneDelegate.swift */ = {isa = PBXFileReference; lastKnownFileType = sourcecode.swift; path = SceneDelegate.swift; sourceTree = "<group>"; };
		DAE0200E2B0408F300459943 /* ViewController.swift */ = {isa = PBXFileReference; lastKnownFileType = sourcecode.swift; path = ViewController.swift; sourceTree = "<group>"; };
		DAE020132B0408F600459943 /* Assets.xcassets */ = {isa = PBXFileReference; lastKnownFileType = folder.assetcatalog; path = Assets.xcassets; sourceTree = "<group>"; };
		DAE020162B0408F600459943 /* Base */ = {isa = PBXFileReference; lastKnownFileType = file.storyboard; name = Base; path = Base.lproj/LaunchScreen.storyboard; sourceTree = "<group>"; };
		DAE020182B0408F600459943 /* Info.plist */ = {isa = PBXFileReference; lastKnownFileType = text.plist.xml; path = Info.plist; sourceTree = "<group>"; };
		DAE0201F2B0412CD00459943 /* MainCoordinator.swift */ = {isa = PBXFileReference; lastKnownFileType = sourcecode.swift; path = MainCoordinator.swift; sourceTree = "<group>"; };
		DAE020212B0412EE00459943 /* CoordinatorProtocols.swift */ = {isa = PBXFileReference; lastKnownFileType = sourcecode.swift; path = CoordinatorProtocols.swift; sourceTree = "<group>"; };
		DAE020252B04139000459943 /* HomeView.swift */ = {isa = PBXFileReference; lastKnownFileType = sourcecode.swift; path = HomeView.swift; sourceTree = "<group>"; };
		DAE020272B0413B400459943 /* HomeViewController.swift */ = {isa = PBXFileReference; lastKnownFileType = sourcecode.swift; path = HomeViewController.swift; sourceTree = "<group>"; };
		DAE020292B04140600459943 /* HomePresenter.swift */ = {isa = PBXFileReference; lastKnownFileType = sourcecode.swift; path = HomePresenter.swift; sourceTree = "<group>"; };
		DAE0202B2B04143500459943 /* HomeProtocols.swift */ = {isa = PBXFileReference; lastKnownFileType = sourcecode.swift; path = HomeProtocols.swift; sourceTree = "<group>"; };
		DAE020312B0415BA00459943 /* MVPCoordinatorTests.xctest */ = {isa = PBXFileReference; explicitFileType = wrapper.cfbundle; includeInIndex = 0; path = MVPCoordinatorTests.xctest; sourceTree = BUILT_PRODUCTS_DIR; };
		DAE0208B2B042FBA00459943 /* UINavigationControllerMock.swift */ = {isa = PBXFileReference; lastKnownFileType = sourcecode.swift; path = UINavigationControllerMock.swift; sourceTree = "<group>"; };
		DAE0208D2B042FF900459943 /* ViewControllerMock.swift */ = {isa = PBXFileReference; lastKnownFileType = sourcecode.swift; path = ViewControllerMock.swift; sourceTree = "<group>"; };
		DAE0208F2B04302500459943 /* MainCoordinatorTests.swift */ = {isa = PBXFileReference; lastKnownFileType = sourcecode.swift; path = MainCoordinatorTests.swift; sourceTree = "<group>"; };
		DAE020912B04318500459943 /* HomeViewControllerSpy.swift */ = {isa = PBXFileReference; lastKnownFileType = sourcecode.swift; path = HomeViewControllerSpy.swift; sourceTree = "<group>"; };
		DAE020932B0431F500459943 /* HomePresenterTests.swift */ = {isa = PBXFileReference; lastKnownFileType = sourcecode.swift; path = HomePresenterTests.swift; sourceTree = "<group>"; };
		DAE020952B0432C000459943 /* HomeViewControllerTests.swift */ = {isa = PBXFileReference; lastKnownFileType = sourcecode.swift; path = HomeViewControllerTests.swift; sourceTree = "<group>"; };
		DAE020972B04335F00459943 /* HomeViewSpy.swift */ = {isa = PBXFileReference; lastKnownFileType = sourcecode.swift; path = HomeViewSpy.swift; sourceTree = "<group>"; };
		DAE020992B0433E500459943 /* HomePresenterSpy.swift */ = {isa = PBXFileReference; lastKnownFileType = sourcecode.swift; path = HomePresenterSpy.swift; sourceTree = "<group>"; };
		DAE0209B2B04348C00459943 /* HomeViewControllerDelegateSpy.swift */ = {isa = PBXFileReference; lastKnownFileType = sourcecode.swift; path = HomeViewControllerDelegateSpy.swift; sourceTree = "<group>"; };
		DAE0209F2B04366100459943 /* HomeViewTests.swift */ = {isa = PBXFileReference; lastKnownFileType = sourcecode.swift; path = HomeViewTests.swift; sourceTree = "<group>"; };
/* End PBXFileReference section */

/* Begin PBXFrameworksBuildPhase section */
		DAE020042B0408F300459943 /* Frameworks */ = {
			isa = PBXFrameworksBuildPhase;
			buildActionMask = 2147483647;
			files = (
				DA3082FB2B20E7F700F5A4F6 /* SnapKit in Frameworks */,
			);
			runOnlyForDeploymentPostprocessing = 0;
		};
		DAE0202E2B0415BA00459943 /* Frameworks */ = {
			isa = PBXFrameworksBuildPhase;
			buildActionMask = 2147483647;
			files = (
				DAE020842B042E8000459943 /* Quick in Frameworks */,
				DAE020872B042EA100459943 /* Nimble in Frameworks */,
				DAE020A32B0436DD00459943 /* Nimble-Snapshots in Frameworks */,
			);
			runOnlyForDeploymentPostprocessing = 0;
		};
/* End PBXFrameworksBuildPhase section */

/* Begin PBXGroup section */
		DA3083062B20FF9F00F5A4F6 /* Stubs */ = {
			isa = PBXGroup;
			children = (
				DA3083042B20FF7A00F5A4F6 /* HomeReadyViewModel+Stub.swift */,
			);
			path = Stubs;
			sourceTree = "<group>";
		};
		DA457FDA2B1F70F6002D7982 /* Models */ = {
			isa = PBXGroup;
			children = (
				DA7EE6DC2B1F625A007A1121 /* JokesResponse.swift */,
			);
			path = Models;
			sourceTree = "<group>";
		};
		DA457FDB2B1F78A3002D7982 /* Network */ = {
			isa = PBXGroup;
			children = (
				DA457FE52B1FB033002D7982 /* Services */,
				DA457FDD2B1F78E3002D7982 /* Doubles */,
				DA457FDC2B1F78CD002D7982 /* Repositories */,
			);
			path = Network;
			sourceTree = "<group>";
		};
		DA457FDC2B1F78CD002D7982 /* Repositories */ = {
			isa = PBXGroup;
			children = (
				DA457FE02B1FA28E002D7982 /* JokeRepositoryTests.swift */,
			);
			path = Repositories;
			sourceTree = "<group>";
		};
		DA457FDD2B1F78E3002D7982 /* Doubles */ = {
			isa = PBXGroup;
			children = (
				DA457FDE2B1F790B002D7982 /* NetworkProtocolMock.swift */,
				DA457FE82B1FB984002D7982 /* JokeRepositoryMock.swift */,
			);
			path = Doubles;
			sourceTree = "<group>";
		};
		DA457FE22B1FAC83002D7982 /* Stubs */ = {
			isa = PBXGroup;
			children = (
				DA457FE32B1FACBF002D7982 /* JokesResponse+Stub.swift */,
			);
			path = Stubs;
			sourceTree = "<group>";
		};
		DA457FE52B1FB033002D7982 /* Services */ = {
			isa = PBXGroup;
			children = (
				DA457FE62B1FB1FC002D7982 /* GetJokesServiceTests.swift */,
			);
			path = Services;
			sourceTree = "<group>";
		};
		DA457FEB2B1FBFFC002D7982 /* Models */ = {
			isa = PBXGroup;
			children = (
				DA457FE22B1FAC83002D7982 /* Stubs */,
			);
			path = Models;
			sourceTree = "<group>";
		};
		DA457FF02B1FC66A002D7982 /* Models */ = {
			isa = PBXGroup;
			children = (
				DA457FEE2B1FC5CF002D7982 /* HomeViewState.swift */,
				DA457FF12B1FC67D002D7982 /* HomeReadyViewModel.swift */,
			);
			path = Models;
			sourceTree = "<group>";
		};
		DA47A4D92B28AC7B0050013F /* List */ = {
			isa = PBXGroup;
			children = (
				DA47A4E32B28B3CB0050013F /* DataSource */,
				DA47A4E02B28ACB80050013F /* Views */,
				DA47A4DA2B28AC940050013F /* ListPresenter.swift */,
				DA47A4DC2B28ACA50050013F /* ListViewController.swift */,
				DA47A4DE2B28ACB40050013F /* ListProtocols.swift */,
			);
			path = List;
			sourceTree = "<group>";
		};
		DA47A4E02B28ACB80050013F /* Views */ = {
			isa = PBXGroup;
			children = (
				DA47A4E12B28ACD10050013F /* ListView.swift */,
				DA47A4E62B28D3B40050013F /* ListCell.swift */,
				DA47A4E82B28D4F00050013F /* ListCellView.swift */,
			);
			path = Views;
			sourceTree = "<group>";
		};
		DA47A4E32B28B3CB0050013F /* DataSource */ = {
			isa = PBXGroup;
			children = (
				DA47A4E42B28B3E70050013F /* ListDataSourceDelegate.swift */,
			);
			path = DataSource;
			sourceTree = "<group>";
		};
		DA47A4EE2B28ED490050013F /* List */ = {
			isa = PBXGroup;
			children = (
				DA47A5032B29D0A90050013F /* DataSource */,
				DA47A4F02B28ED740050013F /* Double */,
				DA47A4EF2B28ED650050013F /* Views */,
				DA47A4F92B28F1230050013F /* ListPresenterTests.swift */,
				DA47A4FB2B28F1EC0050013F /* ListViewControllerTests.swift */,
			);
			path = List;
			sourceTree = "<group>";
		};
		DA47A4EF2B28ED650050013F /* Views */ = {
			isa = PBXGroup;
			children = (
				DA47A4FD2B28F2C20050013F /* ListViewTests.swift */,
				DA47A4FF2B28F6A60050013F /* ListCellViewTests.swift */,
				DA47A5012B29D0130050013F /* ListCellTests.swift */,
			);
			path = Views;
			sourceTree = "<group>";
		};
		DA47A4F02B28ED740050013F /* Double */ = {
			isa = PBXGroup;
			children = (
				DA47A4F12B28EDDA0050013F /* ListViewSpy.swift */,
				DA47A4F32B28EDF00050013F /* ListPresenterSpy.swift */,
				DA47A4F52B28EE050050013F /* ListViewControllerSpy.swift */,
				DA47A4F72B28EE1B0050013F /* ListViewControllerDelegateSpy.swift */,
			);
			path = Double;
			sourceTree = "<group>";
		};
		DA47A5032B29D0A90050013F /* DataSource */ = {
			isa = PBXGroup;
			children = (
				DA47A5042B29D0D10050013F /* ListDataSourceDelegateTests.swift */,
			);
			path = DataSource;
			sourceTree = "<group>";
		};
		DA4CBB432B1BA2B600734FE2 /* Home */ = {
			isa = PBXGroup;
			children = (
				DA457FF02B1FC66A002D7982 /* Models */,
				DAE0202B2B04143500459943 /* HomeProtocols.swift */,
				DAE020292B04140600459943 /* HomePresenter.swift */,
				DAE020272B0413B400459943 /* HomeViewController.swift */,
				DAE020242B04136600459943 /* Views */,
			);
			path = Home;
			sourceTree = "<group>";
		};
		DA4CBB442B1BA2D800734FE2 /* Home */ = {
			isa = PBXGroup;
			children = (
				DA3083062B20FF9F00F5A4F6 /* Stubs */,
				DAE0209E2B0435F900459943 /* Views */,
				DA4CBB452B1BA2F700734FE2 /* Doubles */,
				DAE020952B0432C000459943 /* HomeViewControllerTests.swift */,
				DAE020932B0431F500459943 /* HomePresenterTests.swift */,
			);
			path = Home;
			sourceTree = "<group>";
		};
		DA4CBB452B1BA2F700734FE2 /* Doubles */ = {
			isa = PBXGroup;
			children = (
				DAE0209B2B04348C00459943 /* HomeViewControllerDelegateSpy.swift */,
				DAE020992B0433E500459943 /* HomePresenterSpy.swift */,
				DAE020972B04335F00459943 /* HomeViewSpy.swift */,
				DAE020912B04318500459943 /* HomeViewControllerSpy.swift */,
			);
			path = Doubles;
			sourceTree = "<group>";
		};
		DA4CBB462B1BA34700734FE2 /* Settings */ = {
			isa = PBXGroup;
			children = (
				DA4CBB4D2B1BA38B00734FE2 /* Views */,
				DA4CBB472B1BA36200734FE2 /* SettingsProtocols.swift */,
				DA4CBB492B1BA37200734FE2 /* SettingsViewController.swift */,
				DA4CBB4B2B1BA38100734FE2 /* SettingsPresenter.swift */,
			);
			path = Settings;
			sourceTree = "<group>";
		};
		DA4CBB4D2B1BA38B00734FE2 /* Views */ = {
			isa = PBXGroup;
			children = (
				DA4CBB4E2B1BA3AE00734FE2 /* SettingsView.swift */,
			);
			path = Views;
			sourceTree = "<group>";
		};
		DA4CBB502B1BE8FF00734FE2 /* Settings */ = {
			isa = PBXGroup;
			children = (
				DA4CBB5A2B1BEAD000734FE2 /* Views */,
				DA4CBB512B1BE90D00734FE2 /* Doubles */,
				DA7EE6CE2B1BF53E007A1121 /* SettingsPresenterTests.swift */,
				DA7EE6D02B1BF5A1007A1121 /* SettingsViewControllerTests.swift */,
			);
			path = Settings;
			sourceTree = "<group>";
		};
		DA4CBB512B1BE90D00734FE2 /* Doubles */ = {
			isa = PBXGroup;
			children = (
				DA4CBB522B1BE95200734FE2 /* SettingsViewControllerSpy.swift */,
				DA4CBB542B1BE97000734FE2 /* SettingsPresenterSpy.swift */,
				DA4CBB562B1BE98900734FE2 /* SettingsViewSpy.swift */,
				DA4CBB582B1BE9A700734FE2 /* SettingsViewControllerDelegateSpy.swift */,
			);
			path = Doubles;
			sourceTree = "<group>";
		};
		DA4CBB5A2B1BEAD000734FE2 /* Views */ = {
			isa = PBXGroup;
			children = (
				DA4CBB5B2B1BEAF300734FE2 /* SettingsViewTests.swift */,
			);
			path = Views;
			sourceTree = "<group>";
		};
		DA7EE6D22B1BF6B9007A1121 /* Helpers */ = {
			isa = PBXGroup;
			children = (
				DA7EE6D32B1BF6E6007A1121 /* UIViewController+Ext.swift */,
				DA47A4EA2B28D9690050013F /* UITableView+Ext.swift */,
				DA47A4EC2B28DA5A0050013F /* ReusableViewProtocol.swift */,
			);
			path = Helpers;
			sourceTree = "<group>";
		};
		DA7EE6D52B1E6806007A1121 /* Network */ = {
			isa = PBXGroup;
			children = (
				DA7EE6E12B1F62F5007A1121 /* Repositories */,
				DA7EE6E02B1F62CE007A1121 /* Services */,
				DA7EE6DF2B1F62B2007A1121 /* Helpers */,
				DA7EE6DE2B1F628A007A1121 /* Protocols */,
				DA7EE6DA2B1E6BCD007A1121 /* NetworkManager.swift */,
			);
			path = Network;
			sourceTree = "<group>";
		};
		DA7EE6DE2B1F628A007A1121 /* Protocols */ = {
			isa = PBXGroup;
			children = (
				DA7EE6D62B1E6903007A1121 /* NetworkProtocols.swift */,
				DA457FD62B1F69C1002D7982 /* JokeRepositoryType.swift */,
			);
			path = Protocols;
			sourceTree = "<group>";
		};
		DA7EE6DF2B1F62B2007A1121 /* Helpers */ = {
			isa = PBXGroup;
			children = (
				DA7EE6D82B1E6A7C007A1121 /* HttpMethod.swift */,
				DA7EE6E42B1F6543007A1121 /* Constants.swift */,
				DA457FEC2B1FC055002D7982 /* ApiError.swift */,
			);
			path = Helpers;
			sourceTree = "<group>";
		};
		DA7EE6E02B1F62CE007A1121 /* Services */ = {
			isa = PBXGroup;
			children = (
				DA7EE6E22B1F63FB007A1121 /* GetJokesService.swift */,
			);
			path = Services;
			sourceTree = "<group>";
		};
		DA7EE6E12B1F62F5007A1121 /* Repositories */ = {
			isa = PBXGroup;
			children = (
				DA457FD82B1F6B16002D7982 /* JokeRepository.swift */,
			);
			path = Repositories;
			sourceTree = "<group>";
		};
		DAE01FFE2B0408F300459943 = {
			isa = PBXGroup;
			children = (
				DAE020092B0408F300459943 /* MVPCoordinator */,
				DAE020322B0415BA00459943 /* MVPCoordinatorTests */,
				DAE020082B0408F300459943 /* Products */,
			);
			sourceTree = "<group>";
		};
		DAE020082B0408F300459943 /* Products */ = {
			isa = PBXGroup;
			children = (
				DAE020072B0408F300459943 /* MVPCoordinator.app */,
				DAE020312B0415BA00459943 /* MVPCoordinatorTests.xctest */,
			);
			name = Products;
			sourceTree = "<group>";
		};
		DAE020092B0408F300459943 /* MVPCoordinator */ = {
			isa = PBXGroup;
			children = (
				DA457FDA2B1F70F6002D7982 /* Models */,
				DA7EE6D52B1E6806007A1121 /* Network */,
				DA7EE6D22B1BF6B9007A1121 /* Helpers */,
				DAE020232B04133E00459943 /* Scenes */,
				DAE0201E2B04129500459943 /* Coordinator */,
				DAE0200A2B0408F300459943 /* AppDelegate.swift */,
				DAE0200C2B0408F300459943 /* SceneDelegate.swift */,
				DAE0200E2B0408F300459943 /* ViewController.swift */,
				DAE020132B0408F600459943 /* Assets.xcassets */,
				DAE020152B0408F600459943 /* LaunchScreen.storyboard */,
				DAE020182B0408F600459943 /* Info.plist */,
			);
			path = MVPCoordinator;
			sourceTree = "<group>";
		};
		DAE0201E2B04129500459943 /* Coordinator */ = {
			isa = PBXGroup;
			children = (
				DAE0201F2B0412CD00459943 /* MainCoordinator.swift */,
				DAE020212B0412EE00459943 /* CoordinatorProtocols.swift */,
				DA4CBB412B1BA15000734FE2 /* CoordinatorFactory.swift */,
			);
			path = Coordinator;
			sourceTree = "<group>";
		};
		DAE020232B04133E00459943 /* Scenes */ = {
			isa = PBXGroup;
			children = (
				DA47A4D92B28AC7B0050013F /* List */,
				DA4CBB462B1BA34700734FE2 /* Settings */,
				DA4CBB432B1BA2B600734FE2 /* Home */,
			);
			path = Scenes;
			sourceTree = "<group>";
		};
		DAE020242B04136600459943 /* Views */ = {
			isa = PBXGroup;
			children = (
				DAE020252B04139000459943 /* HomeView.swift */,
				DA3082FC2B20E87C00F5A4F6 /* HomeHeaderView.swift */,
				DA3082FE2B20F28F00F5A4F6 /* HomeLoadingView.swift */,
				DA3083002B20F57000F5A4F6 /* HomeErrorView.swift */,
				DA3083022B20F5D600F5A4F6 /* HomeReadyView.swift */,
			);
			path = Views;
			sourceTree = "<group>";
		};
		DAE020322B0415BA00459943 /* MVPCoordinatorTests */ = {
			isa = PBXGroup;
			children = (
				DA457FEB2B1FBFFC002D7982 /* Models */,
				DA457FDB2B1F78A3002D7982 /* Network */,
				DA47A4EE2B28ED490050013F /* List */,
				DA4CBB502B1BE8FF00734FE2 /* Settings */,
				DA4CBB442B1BA2D800734FE2 /* Home */,
				DAE0209D2B0435E200459943 /* Coordinator */,
				DAE020882B042F5800459943 /* Doubles */,
			);
			path = MVPCoordinatorTests;
			sourceTree = "<group>";
		};
		DAE020882B042F5800459943 /* Doubles */ = {
			isa = PBXGroup;
			children = (
				DAE020892B042F7D00459943 /* Helpers */,
			);
			path = Doubles;
			sourceTree = "<group>";
		};
		DAE020892B042F7D00459943 /* Helpers */ = {
			isa = PBXGroup;
			children = (
				DAE0208B2B042FBA00459943 /* UINavigationControllerMock.swift */,
				DAE0208D2B042FF900459943 /* ViewControllerMock.swift */,
				DA7EE6CC2B1BEF85007A1121 /* Mirror+Ext.swift */,
			);
			name = Helpers;
			path = "New Group";
			sourceTree = "<group>";
		};
		DAE0209D2B0435E200459943 /* Coordinator */ = {
			isa = PBXGroup;
			children = (
				DAE0208F2B04302500459943 /* MainCoordinatorTests.swift */,
			);
			path = Coordinator;
			sourceTree = "<group>";
		};
		DAE0209E2B0435F900459943 /* Views */ = {
			isa = PBXGroup;
			children = (
				DAE0209F2B04366100459943 /* HomeViewTests.swift */,
				DA3083072B21009700F5A4F6 /* HomeHeaderViewTests.swift */,
				DA3083092B22697E00F5A4F6 /* HomeLoadingViewTests.swift */,
				DA30830B2B226A8500F5A4F6 /* HomeErrorViewTests.swift */,
				DA30830D2B226B4200F5A4F6 /* HomeReadyViewTests.swift */,
			);
			path = Views;
			sourceTree = "<group>";
		};
/* End PBXGroup section */

/* Begin PBXNativeTarget section */
		DAE020062B0408F300459943 /* MVPCoordinator */ = {
			isa = PBXNativeTarget;
			buildConfigurationList = DAE0201B2B0408F600459943 /* Build configuration list for PBXNativeTarget "MVPCoordinator" */;
			buildPhases = (
				DAE020032B0408F300459943 /* Sources */,
				DAE020042B0408F300459943 /* Frameworks */,
				DAE020052B0408F300459943 /* Resources */,
			);
			buildRules = (
			);
			dependencies = (
			);
			name = MVPCoordinator;
			packageProductDependencies = (
				DA3082FA2B20E7F700F5A4F6 /* SnapKit */,
			);
			productName = MVPCoordinator;
			productReference = DAE020072B0408F300459943 /* MVPCoordinator.app */;
			productType = "com.apple.product-type.application";
		};
		DAE020302B0415BA00459943 /* MVPCoordinatorTests */ = {
			isa = PBXNativeTarget;
			buildConfigurationList = DAE020372B0415BA00459943 /* Build configuration list for PBXNativeTarget "MVPCoordinatorTests" */;
			buildPhases = (
				DAE0202D2B0415BA00459943 /* Sources */,
				DAE0202E2B0415BA00459943 /* Frameworks */,
				DAE0202F2B0415BA00459943 /* Resources */,
			);
			buildRules = (
			);
			dependencies = (
				DAE020362B0415BA00459943 /* PBXTargetDependency */,
			);
			name = MVPCoordinatorTests;
			packageProductDependencies = (
				DAE020832B042E8000459943 /* Quick */,
				DAE020862B042EA100459943 /* Nimble */,
				DAE020A22B0436DD00459943 /* Nimble-Snapshots */,
			);
			productName = MVPCoordinatorTests;
			productReference = DAE020312B0415BA00459943 /* MVPCoordinatorTests.xctest */;
			productType = "com.apple.product-type.bundle.unit-test";
		};
/* End PBXNativeTarget section */

/* Begin PBXProject section */
		DAE01FFF2B0408F300459943 /* Project object */ = {
			isa = PBXProject;
			attributes = {
				BuildIndependentTargetsInParallel = 1;
				LastSwiftUpdateCheck = 1420;
				LastUpgradeCheck = 1420;
				TargetAttributes = {
					DAE020062B0408F300459943 = {
						CreatedOnToolsVersion = 14.2;
					};
					DAE020302B0415BA00459943 = {
						CreatedOnToolsVersion = 14.2;
						TestTargetID = DAE020062B0408F300459943;
					};
				};
			};
			buildConfigurationList = DAE020022B0408F300459943 /* Build configuration list for PBXProject "MVPCoordinator" */;
			compatibilityVersion = "Xcode 14.0";
			developmentRegion = en;
			hasScannedForEncodings = 0;
			knownRegions = (
				en,
				Base,
			);
			mainGroup = DAE01FFE2B0408F300459943;
			packageReferences = (
				DAE020822B042E8000459943 /* XCRemoteSwiftPackageReference "Quick" */,
				DAE020852B042EA100459943 /* XCRemoteSwiftPackageReference "Nimble" */,
				DAE020A12B0436DD00459943 /* XCRemoteSwiftPackageReference "Nimble-Snapshots" */,
				DA3082F92B20E7F700F5A4F6 /* XCRemoteSwiftPackageReference "SnapKit" */,
			);
			productRefGroup = DAE020082B0408F300459943 /* Products */;
			projectDirPath = "";
			projectRoot = "";
			targets = (
				DAE020062B0408F300459943 /* MVPCoordinator */,
				DAE020302B0415BA00459943 /* MVPCoordinatorTests */,
			);
		};
/* End PBXProject section */

/* Begin PBXResourcesBuildPhase section */
		DAE020052B0408F300459943 /* Resources */ = {
			isa = PBXResourcesBuildPhase;
			buildActionMask = 2147483647;
			files = (
				DAE020172B0408F600459943 /* LaunchScreen.storyboard in Resources */,
				DAE020142B0408F600459943 /* Assets.xcassets in Resources */,
			);
			runOnlyForDeploymentPostprocessing = 0;
		};
		DAE0202F2B0415BA00459943 /* Resources */ = {
			isa = PBXResourcesBuildPhase;
			buildActionMask = 2147483647;
			files = (
			);
			runOnlyForDeploymentPostprocessing = 0;
		};
/* End PBXResourcesBuildPhase section */

/* Begin PBXSourcesBuildPhase section */
		DAE020032B0408F300459943 /* Sources */ = {
			isa = PBXSourcesBuildPhase;
			buildActionMask = 2147483647;
			files = (
				DA7EE6D72B1E6903007A1121 /* NetworkProtocols.swift in Sources */,
				DAE0200F2B0408F300459943 /* ViewController.swift in Sources */,
				DA47A4DF2B28ACB40050013F /* ListProtocols.swift in Sources */,
				DAE020202B0412CD00459943 /* MainCoordinator.swift in Sources */,
				DA47A4DB2B28AC940050013F /* ListPresenter.swift in Sources */,
				DA7EE6D42B1BF6E6007A1121 /* UIViewController+Ext.swift in Sources */,
				DA47A4E92B28D4F00050013F /* ListCellView.swift in Sources */,
				DA457FED2B1FC055002D7982 /* ApiError.swift in Sources */,
				DA7EE6DD2B1F625A007A1121 /* JokesResponse.swift in Sources */,
				DA7EE6E52B1F6543007A1121 /* Constants.swift in Sources */,
				DA457FF22B1FC67D002D7982 /* HomeReadyViewModel.swift in Sources */,
				DAE0200B2B0408F300459943 /* AppDelegate.swift in Sources */,
				DA7EE6E32B1F63FC007A1121 /* GetJokesService.swift in Sources */,
				DAE020262B04139000459943 /* HomeView.swift in Sources */,
				DAE0202C2B04143500459943 /* HomeProtocols.swift in Sources */,
				DA3082FD2B20E87C00F5A4F6 /* HomeHeaderView.swift in Sources */,
				DA47A4DD2B28ACA50050013F /* ListViewController.swift in Sources */,
				DA457FD92B1F6B16002D7982 /* JokeRepository.swift in Sources */,
				DA4CBB482B1BA36200734FE2 /* SettingsProtocols.swift in Sources */,
				DA7EE6D92B1E6A7C007A1121 /* HttpMethod.swift in Sources */,
				DAE0200D2B0408F300459943 /* SceneDelegate.swift in Sources */,
				DA47A4E22B28ACD10050013F /* ListView.swift in Sources */,
				DA4CBB4F2B1BA3AE00734FE2 /* SettingsView.swift in Sources */,
				DA3083012B20F57000F5A4F6 /* HomeErrorView.swift in Sources */,
				DA3082FF2B20F28F00F5A4F6 /* HomeLoadingView.swift in Sources */,
				DA47A4EB2B28D9690050013F /* UITableView+Ext.swift in Sources */,
				DA457FD72B1F69C1002D7982 /* JokeRepositoryType.swift in Sources */,
				DA3083032B20F5D600F5A4F6 /* HomeReadyView.swift in Sources */,
				DA4CBB4C2B1BA38100734FE2 /* SettingsPresenter.swift in Sources */,
				DA47A4E52B28B3E70050013F /* ListDataSourceDelegate.swift in Sources */,
				DAE020282B0413B400459943 /* HomeViewController.swift in Sources */,
				DAE020222B0412EE00459943 /* CoordinatorProtocols.swift in Sources */,
				DA7EE6DB2B1E6BCD007A1121 /* NetworkManager.swift in Sources */,
				DA47A4ED2B28DA5A0050013F /* ReusableViewProtocol.swift in Sources */,
				DAE0202A2B04140600459943 /* HomePresenter.swift in Sources */,
				DA4CBB422B1BA15000734FE2 /* CoordinatorFactory.swift in Sources */,
				DA47A4E72B28D3B40050013F /* ListCell.swift in Sources */,
				DA4CBB4A2B1BA37200734FE2 /* SettingsViewController.swift in Sources */,
				DA457FEF2B1FC5CF002D7982 /* HomeViewState.swift in Sources */,
			);
			runOnlyForDeploymentPostprocessing = 0;
		};
		DAE0202D2B0415BA00459943 /* Sources */ = {
			isa = PBXSourcesBuildPhase;
			buildActionMask = 2147483647;
			files = (
				DA3083082B21009700F5A4F6 /* HomeHeaderViewTests.swift in Sources */,
				DAE0208C2B042FBA00459943 /* UINavigationControllerMock.swift in Sources */,
				DAE0209C2B04348C00459943 /* HomeViewControllerDelegateSpy.swift in Sources */,
				DA7EE6CD2B1BEF85007A1121 /* Mirror+Ext.swift in Sources */,
				DAE020902B04302500459943 /* MainCoordinatorTests.swift in Sources */,
				DA47A4FA2B28F1230050013F /* ListPresenterTests.swift in Sources */,
				DAE020922B04318500459943 /* HomeViewControllerSpy.swift in Sources */,
				DA4CBB572B1BE98900734FE2 /* SettingsViewSpy.swift in Sources */,
				DA47A4FC2B28F1EC0050013F /* ListViewControllerTests.swift in Sources */,
				DAE0208E2B042FF900459943 /* ViewControllerMock.swift in Sources */,
				DA4CBB532B1BE95200734FE2 /* SettingsViewControllerSpy.swift in Sources */,
				DA47A4F22B28EDDA0050013F /* ListViewSpy.swift in Sources */,
				DA47A5002B28F6A60050013F /* ListCellViewTests.swift in Sources */,
				DA457FDF2B1F790B002D7982 /* NetworkProtocolMock.swift in Sources */,
				DA47A4F42B28EDF00050013F /* ListPresenterSpy.swift in Sources */,
				DA4CBB552B1BE97000734FE2 /* SettingsPresenterSpy.swift in Sources */,
				DA457FE92B1FB984002D7982 /* JokeRepositoryMock.swift in Sources */,
				DAE020982B04335F00459943 /* HomeViewSpy.swift in Sources */,
				DA4CBB592B1BE9A700734FE2 /* SettingsViewControllerDelegateSpy.swift in Sources */,
				DA47A5022B29D0130050013F /* ListCellTests.swift in Sources */,
				DA47A4F82B28EE1B0050013F /* ListViewControllerDelegateSpy.swift in Sources */,
				DA457FE12B1FA28E002D7982 /* JokeRepositoryTests.swift in Sources */,
				DA30830E2B226B4200F5A4F6 /* HomeReadyViewTests.swift in Sources */,
				DA457FE42B1FACBF002D7982 /* JokesResponse+Stub.swift in Sources */,
				DA47A4FE2B28F2C20050013F /* ListViewTests.swift in Sources */,
				DA3083052B20FF7A00F5A4F6 /* HomeReadyViewModel+Stub.swift in Sources */,
				DAE0209A2B0433E500459943 /* HomePresenterSpy.swift in Sources */,
				DA4CBB5C2B1BEAF300734FE2 /* SettingsViewTests.swift in Sources */,
				DA7EE6D12B1BF5A1007A1121 /* SettingsViewControllerTests.swift in Sources */,
				DA47A5052B29D0D10050013F /* ListDataSourceDelegateTests.swift in Sources */,
				DA457FE72B1FB1FC002D7982 /* GetJokesServiceTests.swift in Sources */,
				DAE020A02B04366100459943 /* HomeViewTests.swift in Sources */,
				DA7EE6CF2B1BF53E007A1121 /* SettingsPresenterTests.swift in Sources */,
				DAE020962B0432C000459943 /* HomeViewControllerTests.swift in Sources */,
				DA30830A2B22697E00F5A4F6 /* HomeLoadingViewTests.swift in Sources */,
				DA30830C2B226A8500F5A4F6 /* HomeErrorViewTests.swift in Sources */,
				DA47A4F62B28EE050050013F /* ListViewControllerSpy.swift in Sources */,
				DAE020942B0431F500459943 /* HomePresenterTests.swift in Sources */,
			);
			runOnlyForDeploymentPostprocessing = 0;
		};
/* End PBXSourcesBuildPhase section */

/* Begin PBXTargetDependency section */
		DAE020362B0415BA00459943 /* PBXTargetDependency */ = {
			isa = PBXTargetDependency;
			target = DAE020062B0408F300459943 /* MVPCoordinator */;
			targetProxy = DAE020352B0415BA00459943 /* PBXContainerItemProxy */;
		};
/* End PBXTargetDependency section */

/* Begin PBXVariantGroup section */
		DAE020152B0408F600459943 /* LaunchScreen.storyboard */ = {
			isa = PBXVariantGroup;
			children = (
				DAE020162B0408F600459943 /* Base */,
			);
			name = LaunchScreen.storyboard;
			sourceTree = "<group>";
		};
/* End PBXVariantGroup section */

/* Begin XCBuildConfiguration section */
		DAE020192B0408F600459943 /* Debug */ = {
			isa = XCBuildConfiguration;
			buildSettings = {
				ALWAYS_SEARCH_USER_PATHS = NO;
				CLANG_ANALYZER_NONNULL = YES;
				CLANG_ANALYZER_NUMBER_OBJECT_CONVERSION = YES_AGGRESSIVE;
				CLANG_CXX_LANGUAGE_STANDARD = "gnu++20";
				CLANG_ENABLE_MODULES = YES;
				CLANG_ENABLE_OBJC_ARC = YES;
				CLANG_ENABLE_OBJC_WEAK = YES;
				CLANG_WARN_BLOCK_CAPTURE_AUTORELEASING = YES;
				CLANG_WARN_BOOL_CONVERSION = YES;
				CLANG_WARN_COMMA = YES;
				CLANG_WARN_CONSTANT_CONVERSION = YES;
				CLANG_WARN_DEPRECATED_OBJC_IMPLEMENTATIONS = YES;
				CLANG_WARN_DIRECT_OBJC_ISA_USAGE = YES_ERROR;
				CLANG_WARN_DOCUMENTATION_COMMENTS = YES;
				CLANG_WARN_EMPTY_BODY = YES;
				CLANG_WARN_ENUM_CONVERSION = YES;
				CLANG_WARN_INFINITE_RECURSION = YES;
				CLANG_WARN_INT_CONVERSION = YES;
				CLANG_WARN_NON_LITERAL_NULL_CONVERSION = YES;
				CLANG_WARN_OBJC_IMPLICIT_RETAIN_SELF = YES;
				CLANG_WARN_OBJC_LITERAL_CONVERSION = YES;
				CLANG_WARN_OBJC_ROOT_CLASS = YES_ERROR;
				CLANG_WARN_QUOTED_INCLUDE_IN_FRAMEWORK_HEADER = YES;
				CLANG_WARN_RANGE_LOOP_ANALYSIS = YES;
				CLANG_WARN_STRICT_PROTOTYPES = YES;
				CLANG_WARN_SUSPICIOUS_MOVE = YES;
				CLANG_WARN_UNGUARDED_AVAILABILITY = YES_AGGRESSIVE;
				CLANG_WARN_UNREACHABLE_CODE = YES;
				CLANG_WARN__DUPLICATE_METHOD_MATCH = YES;
				COPY_PHASE_STRIP = NO;
				DEBUG_INFORMATION_FORMAT = dwarf;
				ENABLE_STRICT_OBJC_MSGSEND = YES;
				ENABLE_TESTABILITY = YES;
				GCC_C_LANGUAGE_STANDARD = gnu11;
				GCC_DYNAMIC_NO_PIC = NO;
				GCC_NO_COMMON_BLOCKS = YES;
				GCC_OPTIMIZATION_LEVEL = 0;
				GCC_PREPROCESSOR_DEFINITIONS = (
					"DEBUG=1",
					"$(inherited)",
				);
				GCC_WARN_64_TO_32_BIT_CONVERSION = YES;
				GCC_WARN_ABOUT_RETURN_TYPE = YES_ERROR;
				GCC_WARN_UNDECLARED_SELECTOR = YES;
				GCC_WARN_UNINITIALIZED_AUTOS = YES_AGGRESSIVE;
				GCC_WARN_UNUSED_FUNCTION = YES;
				GCC_WARN_UNUSED_VARIABLE = YES;
				IPHONEOS_DEPLOYMENT_TARGET = 16.2;
				MTL_ENABLE_DEBUG_INFO = INCLUDE_SOURCE;
				MTL_FAST_MATH = YES;
				ONLY_ACTIVE_ARCH = YES;
				SDKROOT = iphoneos;
				SWIFT_ACTIVE_COMPILATION_CONDITIONS = DEBUG;
				SWIFT_OPTIMIZATION_LEVEL = "-Onone";
			};
			name = Debug;
		};
		DAE0201A2B0408F600459943 /* Release */ = {
			isa = XCBuildConfiguration;
			buildSettings = {
				ALWAYS_SEARCH_USER_PATHS = NO;
				CLANG_ANALYZER_NONNULL = YES;
				CLANG_ANALYZER_NUMBER_OBJECT_CONVERSION = YES_AGGRESSIVE;
				CLANG_CXX_LANGUAGE_STANDARD = "gnu++20";
				CLANG_ENABLE_MODULES = YES;
				CLANG_ENABLE_OBJC_ARC = YES;
				CLANG_ENABLE_OBJC_WEAK = YES;
				CLANG_WARN_BLOCK_CAPTURE_AUTORELEASING = YES;
				CLANG_WARN_BOOL_CONVERSION = YES;
				CLANG_WARN_COMMA = YES;
				CLANG_WARN_CONSTANT_CONVERSION = YES;
				CLANG_WARN_DEPRECATED_OBJC_IMPLEMENTATIONS = YES;
				CLANG_WARN_DIRECT_OBJC_ISA_USAGE = YES_ERROR;
				CLANG_WARN_DOCUMENTATION_COMMENTS = YES;
				CLANG_WARN_EMPTY_BODY = YES;
				CLANG_WARN_ENUM_CONVERSION = YES;
				CLANG_WARN_INFINITE_RECURSION = YES;
				CLANG_WARN_INT_CONVERSION = YES;
				CLANG_WARN_NON_LITERAL_NULL_CONVERSION = YES;
				CLANG_WARN_OBJC_IMPLICIT_RETAIN_SELF = YES;
				CLANG_WARN_OBJC_LITERAL_CONVERSION = YES;
				CLANG_WARN_OBJC_ROOT_CLASS = YES_ERROR;
				CLANG_WARN_QUOTED_INCLUDE_IN_FRAMEWORK_HEADER = YES;
				CLANG_WARN_RANGE_LOOP_ANALYSIS = YES;
				CLANG_WARN_STRICT_PROTOTYPES = YES;
				CLANG_WARN_SUSPICIOUS_MOVE = YES;
				CLANG_WARN_UNGUARDED_AVAILABILITY = YES_AGGRESSIVE;
				CLANG_WARN_UNREACHABLE_CODE = YES;
				CLANG_WARN__DUPLICATE_METHOD_MATCH = YES;
				COPY_PHASE_STRIP = NO;
				DEBUG_INFORMATION_FORMAT = "dwarf-with-dsym";
				ENABLE_NS_ASSERTIONS = NO;
				ENABLE_STRICT_OBJC_MSGSEND = YES;
				GCC_C_LANGUAGE_STANDARD = gnu11;
				GCC_NO_COMMON_BLOCKS = YES;
				GCC_WARN_64_TO_32_BIT_CONVERSION = YES;
				GCC_WARN_ABOUT_RETURN_TYPE = YES_ERROR;
				GCC_WARN_UNDECLARED_SELECTOR = YES;
				GCC_WARN_UNINITIALIZED_AUTOS = YES_AGGRESSIVE;
				GCC_WARN_UNUSED_FUNCTION = YES;
				GCC_WARN_UNUSED_VARIABLE = YES;
				IPHONEOS_DEPLOYMENT_TARGET = 16.2;
				MTL_ENABLE_DEBUG_INFO = NO;
				MTL_FAST_MATH = YES;
				SDKROOT = iphoneos;
				SWIFT_COMPILATION_MODE = wholemodule;
				SWIFT_OPTIMIZATION_LEVEL = "-O";
				VALIDATE_PRODUCT = YES;
			};
			name = Release;
		};
		DAE0201C2B0408F600459943 /* Debug */ = {
			isa = XCBuildConfiguration;
			buildSettings = {
				ASSETCATALOG_COMPILER_APPICON_NAME = AppIcon;
				ASSETCATALOG_COMPILER_GLOBAL_ACCENT_COLOR_NAME = AccentColor;
				CODE_SIGN_STYLE = Automatic;
				CURRENT_PROJECT_VERSION = 1;
				GENERATE_INFOPLIST_FILE = YES;
				INFOPLIST_FILE = MVPCoordinator/Info.plist;
				INFOPLIST_KEY_UIApplicationSupportsIndirectInputEvents = YES;
				INFOPLIST_KEY_UILaunchStoryboardName = LaunchScreen;
				INFOPLIST_KEY_UISupportedInterfaceOrientations_iPad = "UIInterfaceOrientationPortrait UIInterfaceOrientationPortraitUpsideDown UIInterfaceOrientationLandscapeLeft UIInterfaceOrientationLandscapeRight";
				INFOPLIST_KEY_UISupportedInterfaceOrientations_iPhone = "UIInterfaceOrientationPortrait UIInterfaceOrientationLandscapeLeft UIInterfaceOrientationLandscapeRight";
				LD_RUNPATH_SEARCH_PATHS = (
					"$(inherited)",
					"@executable_path/Frameworks",
				);
				MARKETING_VERSION = 1.0;
				PRODUCT_BUNDLE_IDENTIFIER = aycc.com.MVPCoordinator;
				PRODUCT_NAME = "$(TARGET_NAME)";
				SWIFT_EMIT_LOC_STRINGS = YES;
				SWIFT_VERSION = 5.0;
				TARGETED_DEVICE_FAMILY = "1,2";
			};
			name = Debug;
		};
		DAE0201D2B0408F600459943 /* Release */ = {
			isa = XCBuildConfiguration;
			buildSettings = {
				ASSETCATALOG_COMPILER_APPICON_NAME = AppIcon;
				ASSETCATALOG_COMPILER_GLOBAL_ACCENT_COLOR_NAME = AccentColor;
				CODE_SIGN_STYLE = Automatic;
				CURRENT_PROJECT_VERSION = 1;
				GENERATE_INFOPLIST_FILE = YES;
				INFOPLIST_FILE = MVPCoordinator/Info.plist;
				INFOPLIST_KEY_UIApplicationSupportsIndirectInputEvents = YES;
				INFOPLIST_KEY_UILaunchStoryboardName = LaunchScreen;
				INFOPLIST_KEY_UISupportedInterfaceOrientations_iPad = "UIInterfaceOrientationPortrait UIInterfaceOrientationPortraitUpsideDown UIInterfaceOrientationLandscapeLeft UIInterfaceOrientationLandscapeRight";
				INFOPLIST_KEY_UISupportedInterfaceOrientations_iPhone = "UIInterfaceOrientationPortrait UIInterfaceOrientationLandscapeLeft UIInterfaceOrientationLandscapeRight";
				LD_RUNPATH_SEARCH_PATHS = (
					"$(inherited)",
					"@executable_path/Frameworks",
				);
				MARKETING_VERSION = 1.0;
				PRODUCT_BUNDLE_IDENTIFIER = aycc.com.MVPCoordinator;
				PRODUCT_NAME = "$(TARGET_NAME)";
				SWIFT_EMIT_LOC_STRINGS = YES;
				SWIFT_VERSION = 5.0;
				TARGETED_DEVICE_FAMILY = "1,2";
			};
			name = Release;
		};
		DAE020382B0415BA00459943 /* Debug */ = {
			isa = XCBuildConfiguration;
			buildSettings = {
				BUNDLE_LOADER = "$(TEST_HOST)";
				CODE_SIGN_STYLE = Automatic;
				CURRENT_PROJECT_VERSION = 1;
				GENERATE_INFOPLIST_FILE = YES;
				MARKETING_VERSION = 1.0;
				PRODUCT_BUNDLE_IDENTIFIER = aycc.com.MVPCoordinatorTests;
				PRODUCT_NAME = "$(TARGET_NAME)";
				SWIFT_EMIT_LOC_STRINGS = NO;
				SWIFT_VERSION = 5.0;
				TARGETED_DEVICE_FAMILY = "1,2";
				TEST_HOST = "$(BUILT_PRODUCTS_DIR)/MVPCoordinator.app/$(BUNDLE_EXECUTABLE_FOLDER_PATH)/MVPCoordinator";
			};
			name = Debug;
		};
		DAE020392B0415BA00459943 /* Release */ = {
			isa = XCBuildConfiguration;
			buildSettings = {
				BUNDLE_LOADER = "$(TEST_HOST)";
				CODE_SIGN_STYLE = Automatic;
				CURRENT_PROJECT_VERSION = 1;
				GENERATE_INFOPLIST_FILE = YES;
				MARKETING_VERSION = 1.0;
				PRODUCT_BUNDLE_IDENTIFIER = aycc.com.MVPCoordinatorTests;
				PRODUCT_NAME = "$(TARGET_NAME)";
				SWIFT_EMIT_LOC_STRINGS = NO;
				SWIFT_VERSION = 5.0;
				TARGETED_DEVICE_FAMILY = "1,2";
				TEST_HOST = "$(BUILT_PRODUCTS_DIR)/MVPCoordinator.app/$(BUNDLE_EXECUTABLE_FOLDER_PATH)/MVPCoordinator";
			};
			name = Release;
		};
/* End XCBuildConfiguration section */

/* Begin XCConfigurationList section */
		DAE020022B0408F300459943 /* Build configuration list for PBXProject "MVPCoordinator" */ = {
			isa = XCConfigurationList;
			buildConfigurations = (
				DAE020192B0408F600459943 /* Debug */,
				DAE0201A2B0408F600459943 /* Release */,
			);
			defaultConfigurationIsVisible = 0;
			defaultConfigurationName = Release;
		};
		DAE0201B2B0408F600459943 /* Build configuration list for PBXNativeTarget "MVPCoordinator" */ = {
			isa = XCConfigurationList;
			buildConfigurations = (
				DAE0201C2B0408F600459943 /* Debug */,
				DAE0201D2B0408F600459943 /* Release */,
			);
			defaultConfigurationIsVisible = 0;
			defaultConfigurationName = Release;
		};
		DAE020372B0415BA00459943 /* Build configuration list for PBXNativeTarget "MVPCoordinatorTests" */ = {
			isa = XCConfigurationList;
			buildConfigurations = (
				DAE020382B0415BA00459943 /* Debug */,
				DAE020392B0415BA00459943 /* Release */,
			);
			defaultConfigurationIsVisible = 0;
			defaultConfigurationName = Release;
		};
/* End XCConfigurationList section */

/* Begin XCRemoteSwiftPackageReference section */
		DA3082F92B20E7F700F5A4F6 /* XCRemoteSwiftPackageReference "SnapKit" */ = {
			isa = XCRemoteSwiftPackageReference;
			repositoryURL = "https://github.com/SnapKit/SnapKit.git";
			requirement = {
				kind = upToNextMajorVersion;
				minimumVersion = 5.0.0;
			};
		};
		DAE020822B042E8000459943 /* XCRemoteSwiftPackageReference "Quick" */ = {
			isa = XCRemoteSwiftPackageReference;
			repositoryURL = "https://github.com/Quick/Quick.git";
			requirement = {
				kind = upToNextMajorVersion;
				minimumVersion = 5.0.1;
			};
		};
		DAE020852B042EA100459943 /* XCRemoteSwiftPackageReference "Nimble" */ = {
			isa = XCRemoteSwiftPackageReference;
			repositoryURL = "https://github.com/Quick/Nimble.git";
			requirement = {
				kind = upToNextMajorVersion;
				minimumVersion = 10.0.0;
			};
		};
		DAE020A12B0436DD00459943 /* XCRemoteSwiftPackageReference "Nimble-Snapshots" */ = {
			isa = XCRemoteSwiftPackageReference;
			repositoryURL = "https://github.com/ashfurrow/Nimble-Snapshots";
			requirement = {
				kind = upToNextMajorVersion;
				minimumVersion = 9.0.0;
			};
		};
/* End XCRemoteSwiftPackageReference section */

/* Begin XCSwiftPackageProductDependency section */
		DA3082FA2B20E7F700F5A4F6 /* SnapKit */ = {
			isa = XCSwiftPackageProductDependency;
			package = DA3082F92B20E7F700F5A4F6 /* XCRemoteSwiftPackageReference "SnapKit" */;
			productName = SnapKit;
		};
		DAE020832B042E8000459943 /* Quick */ = {
			isa = XCSwiftPackageProductDependency;
			package = DAE020822B042E8000459943 /* XCRemoteSwiftPackageReference "Quick" */;
			productName = Quick;
		};
		DAE020862B042EA100459943 /* Nimble */ = {
			isa = XCSwiftPackageProductDependency;
			package = DAE020852B042EA100459943 /* XCRemoteSwiftPackageReference "Nimble" */;
			productName = Nimble;
		};
		DAE020A22B0436DD00459943 /* Nimble-Snapshots */ = {
			isa = XCSwiftPackageProductDependency;
			package = DAE020A12B0436DD00459943 /* XCRemoteSwiftPackageReference "Nimble-Snapshots" */;
			productName = "Nimble-Snapshots";
		};
/* End XCSwiftPackageProductDependency section */
	};
	rootObject = DAE01FFF2B0408F300459943 /* Project object */;
}
